<?xml version="1.0" encoding="UTF-8" standalone="yes" ?>
<CodeBlocks_project_file>
	<FileVersion major="1" minor="6" />
	<Project>
		<Option title="libkvnc_server_app" />
		<Option pch_mode="2" />
		<Option compiler="gcc" />
		<Build>
			<Target title="Debug_Win32">
				<Option output="$(WORKSPACEDIR)/out/bin/$(TARGET_NAME)/$(PROJECTNAME)" prefix_auto="0" extension_auto="1" />
				<Option working_dir="" />
				<Option object_output="$(WORKSPACEDIR)/out/obj/$(TARGET_NAME)/$(PROJECTNAME)" />
				<Option deps_output="../bin/Release_Win32/" />
				<Option type="2" />
				<Option compiler="gcc" />
				<Option createDefFile="1" />
				<Compiler>
					<Add option="-Wextra" />
					<Add option="-Wall" />
					<Add option="-std=c++11" />
					<Add option="-g" />
					<Add option="-DWIN32" />
					<Add option="-DNDEBUG" />
					<Add option="-D_LIB" />
					<Add directory="$(WORKSPACEDIR)/!external/openssl/include/" />
					<Add directory="$(WORKSPACEDIR)/!external/pjproject/lib_pj/include/" />
					<Add directory="$(WORKSPACEDIR)/!external/pjproject/lib_pjutil/include/" />
					<Add directory="$(WORKSPACEDIR)/!external/pjproject/lib_pjnath/include/" />
				</Compiler>
			</Target>
			<Target title="Release_Win32">
				<Option output="$(WORKSPACEDIR)/out/bin/$(TARGET_NAME)/$(PROJECTNAME)" prefix_auto="0" extension_auto="1" />
				<Option working_dir="" />
				<Option object_output="$(WORKSPACEDIR)/out/obj/$(TARGET_NAME)/$(PROJECTNAME)" />
				<Option deps_output="../bin/Release_Win32/" />
				<Option type="2" />
				<Option compiler="gcc" />
				<Option createDefFile="1" />
				<Compiler>
					<Add option="-O2" />
					<Add option="-Wextra" />
					<Add option="-Wall" />
					<Add option="-std=c++11" />
					<Add option="-DWIN32" />
					<Add option="-DNDEBUG" />
					<Add option="-D_LIB" />
					<Add directory="$(WORKSPACEDIR)/!external/openssl/include/" />
					<Add directory="$(WORKSPACEDIR)/!external/pjproject/lib_pj/include/" />
					<Add directory="$(WORKSPACEDIR)/!external/pjproject/lib_pjutil/include/" />
					<Add directory="$(WORKSPACEDIR)/!external/pjproject/lib_pjnath/include/" />
				</Compiler>
				<Linker>
					<Add option="-s" />
				</Linker>
			</Target>
		</Build>
		<Unit filename="AdditionalActionApplication.cpp" />
		<Unit filename="AdditionalActionApplication.h" />
		<Unit filename="AuthTracker.cpp" />
		<Unit filename="AuthTracker.h" />
		<Unit filename="ChatDialog.cpp" />
		<Unit filename="ChatDialog.h" />
		<Unit filename="ConnectToTcpDispatcherThread.cpp" />
		<Unit filename="ConnectToTcpDispatcherThread.h" />
		<Unit filename="ControlAppAuthenticator.cpp" />
		<Unit filename="ControlAppAuthenticator.h" />
		<Unit filename="ControlClient.cpp" />
		<Unit filename="ControlClient.h" />
		<Unit filename="ControlServer.cpp" />
		<Unit filename="ControlServer.h" />
		<Unit filename="CrashHook.cpp" />
		<Unit filename="CrashHook.h" />
		<Unit filename="DesktopServerApplication.cpp" />
		<Unit filename="DesktopServerApplication.h" />
		<Unit filename="DesktopServerCommandLine.cpp" />
		<Unit filename="DesktopServerCommandLine.h" />
		<Unit filename="ExtraRfbServers.cpp" />
		<Unit filename="ExtraRfbServers.h" />
		<Unit filename="FTStatusDialog.cpp" />
		<Unit filename="FTStatusDialog.h" />
		<Unit filename="NamingDefs.cpp" />
		<Unit filename="NamingDefs.h" />
		<Unit filename="OutgoingRfbConnectionThread.cpp" />
		<Unit filename="OutgoingRfbConnectionThread.h" />
		<Unit filename="QueryConnectionApplication.cpp" />
		<Unit filename="QueryConnectionApplication.h" />
		<Unit filename="QueryConnectionCommandLine.cpp" />
		<Unit filename="QueryConnectionCommandLine.h" />
		<Unit filename="QueryConnectionDialog.cpp" />
		<Unit filename="QueryConnectionDialog.h" />
		<Unit filename="RfbClientManager.cpp" />
		<Unit filename="RfbClientManager.h" />
		<Unit filename="RfbClientManagerEventListener.cpp" />
		<Unit filename="RfbClientManagerEventListener.h" />
		<Unit filename="RfbServer.cpp" />
		<Unit filename="RfbServer.h" />
		<Unit filename="ServerCommandLine.cpp" />
		<Unit filename="ServerCommandLine.h" />
		<Unit filename="ServiceControlApplication.cpp" />
		<Unit filename="ServiceControlApplication.h" />
		<Unit filename="ServiceControlCommandLine.cpp" />
		<Unit filename="ServiceControlCommandLine.h" />
		<Unit filename="SessionChangesWatcher.cpp" />
		<Unit filename="SessionChangesWatcher.h" />
		<Unit filename="TvnServer.cpp" />
		<Unit filename="TvnServer.h" />
		<Unit filename="TvnServerApplication.cpp" />
		<Unit filename="TvnServerApplication.h" />
		<Unit filename="TvnServerHelp.cpp" />
		<Unit filename="TvnServerHelp.h" />
		<Unit filename="TvnServerListener.cpp" />
		<Unit filename="TvnServerListener.h" />
		<Unit filename="TvnService.cpp" />
		<Unit filename="TvnService.h" />
		<Unit filename="WinEventLogWriter.cpp" />
		<Unit filename="WinEventLogWriter.h" />
		<Unit filename="WsConfigRunner.cpp" />
		<Unit filename="WsConfigRunner.h" />
		<Extensions>
			<lib_finder disable_auto="1" />
		</Extensions>
	</Project>
</CodeBlocks_project_file>
