<?xml version="1.0" encoding="UTF-8" standalone="yes" ?>
<CodeBlocks_project_file>
	<FileVersion major="1" minor="6" />
	<Project>
		<Option title="libkvnc_server_config" />
		<Option pch_mode="2" />
		<Option compiler="gcc" />
		<Build>
			<Target title="Debug_Win32">
				<Option output="$(WORKSPACEDIR)/!out/bin/$(TARGET_NAME)/$(PROJECTNAME)" prefix_auto="0" extension_auto="1" />
				<Option working_dir="" />
				<Option object_output="$(WORKSPACEDIR)/!out/obj/$(TARGET_NAME)/$(PROJECTNAME)" />
				<Option deps_output="../bin/Release_Win32/" />
				<Option type="2" />
				<Option compiler="gcc" />
				<Option createDefFile="1" />
				<Compiler>
					<Add option="-Wfatal-errors" />
					<Add option="-Wextra" />
					<Add option="-Wall" />
					<Add option="-std=c++11" />
					<Add option="-g" />
					<Add option="-DWIN32" />
					<Add option="-DNDEBUG" />
					<Add option="-D_LIB" />
				</Compiler>
			</Target>
			<Target title="Release_Win32">
				<Option output="$(WORKSPACEDIR)/!out/bin/$(TARGET_NAME)/$(PROJECTNAME)" prefix_auto="0" extension_auto="1" />
				<Option working_dir="" />
				<Option object_output="$(WORKSPACEDIR)/!out/obj/$(TARGET_NAME)/$(PROJECTNAME)" />
				<Option deps_output="../bin/Release_Win32/" />
				<Option type="2" />
				<Option compiler="gcc" />
				<Option createDefFile="1" />
				<Compiler>
					<Add option="-O2" />
					<Add option="-Wfatal-errors" />
					<Add option="-Wextra" />
					<Add option="-Wall" />
					<Add option="-std=c++11" />
					<Add option="-DWIN32" />
					<Add option="-DNDEBUG" />
					<Add option="-D_LIB" />
				</Compiler>
				<Linker>
					<Add option="-s" />
				</Linker>
			</Target>
		</Build>
		<Unit filename="ConfigReloadListener.cpp" />
		<Unit filename="ConfigReloadListener.h" />
		<Unit filename="Configurator.cpp" />
		<Unit filename="Configurator.h" />
		<Unit filename="DesktopConfig.h" />
		<Unit filename="IpAccessControl.cpp" />
		<Unit filename="IpAccessControl.h" />
		<Unit filename="IpAccessRule.cpp" />
		<Unit filename="IpAccessRule.h" />
		<Unit filename="PortMapping.cpp" />
		<Unit filename="PortMapping.h" />
		<Unit filename="PortMappingContainer.cpp" />
		<Unit filename="PortMappingContainer.h" />
		<Unit filename="PortMappingRect.cpp" />
		<Unit filename="PortMappingRect.h" />
		<Unit filename="RegistrySecurityAttributes.cpp" />
		<Unit filename="RegistrySecurityAttributes.h" />
		<Unit filename="ServerConfig.cpp" />
		<Unit filename="ServerConfig.h" />
		<Extensions>
			<lib_finder disable_auto="1" />
		</Extensions>
	</Project>
</CodeBlocks_project_file>
