<?xml version="1.0" encoding="UTF-8" standalone="yes" ?>
<CodeBlocks_project_file>
	<FileVersion major="1" minor="6" />
	<Project>
		<Option title="!notes" />
		<Option pch_mode="2" />
		<Option compiler="null" />
		<Build>
			<Target title="Release">
				<Option platforms="" />
				<Option output="!notes.sys" prefix_auto="0" extension_auto="0" />
				<Option working_dir="" />
				<Option object_output="C:/admin/dev/KonturVNC-/!notes/.objs" />
				<Option type="5" />
				<Option compiler="null" />
			</Target>
		</Build>
		<Unit filename="last_error.txt">
			<Option target="&lt;{~None~}&gt;" />
		</Unit>
		<Unit filename="project output template.txt">
			<Option target="&lt;{~None~}&gt;" />
		</Unit>
		<Extensions />
	</Project>
</CodeBlocks_project_file>
