<?xml version="1.0" encoding="UTF-8" standalone="yes" ?>
<CodeBlocks_project_file>
	<FileVersion major="1" minor="6" />
	<Project>
		<Option title="libkvnc_client_ft" />
		<Option pch_mode="2" />
		<Option compiler="gcc" />
		<Build>
			<Target title="Release_Win32">
				<Option output="$(WORKSPACEDIR)/out/bin/$(TARGET_NAME)/$(PROJECTNAME)" prefix_auto="0" extension_auto="1" />
				<Option working_dir="" />
				<Option object_output="$(WORKSPACEDIR)/out/obj/$(TARGET_NAME)/$(PROJECTNAME)" />
				<Option deps_output="../bin/Release_Win32/" />
				<Option type="2" />
				<Option compiler="gcc" />
				<Option createDefFile="1" />
				<Compiler>
					<Add option="-O2" />
					<Add option="-Wfatal-errors" />
					<Add option="-Wextra" />
					<Add option="-Wall" />
					<Add option="-std=c++11" />
					<Add option="-DWIN32" />
					<Add option="-DNDEBUG" />
					<Add option="-D_LIB" />
					<Add option="-D__WIN32__" />
					<Add option="-D_WINSTATIC" />
					<Add directory="./" />
				</Compiler>
				<Linker>
					<Add option="-s" />
				</Linker>
			</Target>
			<Target title="Debug_Win32">
				<Option output="$(WORKSPACEDIR)/out/bin/$(TARGET_NAME)/$(PROJECTNAME)" prefix_auto="0" extension_auto="1" />
				<Option working_dir="" />
				<Option object_output="$(WORKSPACEDIR)/out/obj/$(TARGET_NAME)/$(PROJECTNAME)" />
				<Option deps_output="../bin/Release_Win32/" />
				<Option type="2" />
				<Option compiler="gcc" />
				<Option createDefFile="1" />
				<Compiler>
					<Add option="-Wfatal-errors" />
					<Add option="-Wextra" />
					<Add option="-Wall" />
					<Add option="-std=c++11" />
					<Add option="-g" />
					<Add option="-DWIN32" />
					<Add option="-DNDEBUG" />
					<Add option="-D_LIB" />
					<Add option="-D__WIN32__" />
					<Add option="-D_WINSTATIC" />
					<Add directory="./" />
				</Compiler>
			</Target>
		</Build>
		<Unit filename="CopyFileEventListener.h" />
		<Unit filename="CopyOperation.cpp" />
		<Unit filename="CopyOperation.h" />
		<Unit filename="DownloadOperation.cpp" />
		<Unit filename="DownloadOperation.h" />
		<Unit filename="FileExistDialog.h" />
		<Unit filename="FileInfoList.cpp" />
		<Unit filename="FileInfoList.h" />
		<Unit filename="FileInfoListView.h" />
		<Unit filename="FileRenameDialog.h" />
		<Unit filename="FileTransferCore.cpp" />
		<Unit filename="FileTransferCore.h" />
		<Unit filename="FileTransferEventAdapter.cpp" />
		<Unit filename="FileTransferEventAdapter.h" />
		<Unit filename="FileTransferEventHandler.cpp" />
		<Unit filename="FileTransferEventHandler.h" />
		<Unit filename="FileTransferInterface.cpp" />
		<Unit filename="FileTransferInterface.h" />
		<Unit filename="FileTransferMainDialog.h" />
		<Unit filename="FileTransferMessageProcessor.cpp" />
		<Unit filename="FileTransferMessageProcessor.h" />
		<Unit filename="FileTransferOperation.cpp" />
		<Unit filename="FileTransferOperation.h" />
		<Unit filename="FileTransferReplyBuffer.cpp" />
		<Unit filename="FileTransferReplyBuffer.h" />
		<Unit filename="FileTransferRequestSender.cpp" />
		<Unit filename="FileTransferRequestSender.h" />
		<Unit filename="ListenerContainer.h" />
		<Unit filename="LocalFilesDeleteOperation.cpp" />
		<Unit filename="LocalFilesDeleteOperation.h" />
		<Unit filename="NewFolderDialog.h" />
		<Unit filename="OperationEventListener.cpp" />
		<Unit filename="OperationEventListener.h" />
		<Unit filename="OperationNotPermittedException.cpp" />
		<Unit filename="OperationNotPermittedException.h" />
		<Unit filename="OperationSupport.cpp" />
		<Unit filename="OperationSupport.h" />
		<Unit filename="RemoteFileListOperation.cpp" />
		<Unit filename="RemoteFileListOperation.h" />
		<Unit filename="RemoteFileRenameOperation.cpp" />
		<Unit filename="RemoteFileRenameOperation.h" />
		<Unit filename="RemoteFilesDeleteOperation.cpp" />
		<Unit filename="RemoteFilesDeleteOperation.h" />
		<Unit filename="RemoteFolderCreateOperation.cpp" />
		<Unit filename="RemoteFolderCreateOperation.h" />
		<Unit filename="UploadOperation.cpp" />
		<Unit filename="UploadOperation.h" />
		<Unit filename="resource.h" />
		<Extensions>
			<lib_finder disable_auto="1" />
		</Extensions>
	</Project>
</CodeBlocks_project_file>
