<?xml version="1.0" encoding="UTF-8" standalone="yes" ?>
<CodeBlocks_project_file>
	<FileVersion major="1" minor="6" />
	<Project>
		<Option title="hookldr" />
		<Option pch_mode="2" />
		<Option compiler="gcc" />
		<Build>
			<Target title="Debug Win32">
				<Option output="../bin/Debug_Win32/hookldr" prefix_auto="1" extension_auto="1" />
				<Option object_output="../obj/Debug_Win32/hookldr/" />
				<Option deps_output="../bin/Debug_Win32/" />
				<Option type="0" />
				<Option compiler="gcc" />
				<Compiler>
					<Add option="-g" />
					<Add option="-DWIN32" />
					<Add option="-D_DEBUG" />
					<Add option="-D_WINDOWS" />
					<Add option="-O0" />
					<Add option="-Wall" />
					<Add option="-Wextra" />
					<Add directory="../" />
				</Compiler>
				<Linker>
					<Add library="winmm.lib" />
					<Add library="comctl32.lib" />
					<Add library="kernel32.lib" />
					<Add library="user32.lib" />
					<Add library="gdi32.lib" />
					<Add library="winspool.lib" />
					<Add library="comdlg32.lib" />
					<Add library="advapi32.lib" />
					<Add library="shell32.lib" />
					<Add library="ole32.lib" />
					<Add library="oleaut32.lib" />
					<Add library="uuid.lib" />
					<Add library="odbc32.lib" />
					<Add library="odbccp32.lib" />
				</Linker>
			</Target>
			<Target title="DebugNoUnicode x64">
				<Option output="../bin/DebugNoUnicode_x64/hookldr" prefix_auto="1" extension_auto="1" />
				<Option object_output="../obj/DebugNoUnicode_x64/hookldr/" />
				<Option deps_output="../bin/DebugNoUnicode_x64/" />
				<Option type="0" />
				<Option compiler="gcc" />
				<Compiler>
					<Add option="-DWIN32" />
					<Add option="-D_DEBUG" />
					<Add option="-D_WINDOWS" />
					<Add option="-O0" />
					<Add option="-Wall" />
					<Add directory="../" />
				</Compiler>
				<Linker>
					<Add library="winmm.lib" />
					<Add library="comctl32.lib" />
					<Add library="kernel32.lib" />
					<Add library="user32.lib" />
					<Add library="gdi32.lib" />
					<Add library="winspool.lib" />
					<Add library="comdlg32.lib" />
					<Add library="advapi32.lib" />
					<Add library="shell32.lib" />
					<Add library="ole32.lib" />
					<Add library="oleaut32.lib" />
					<Add library="uuid.lib" />
					<Add library="odbc32.lib" />
					<Add library="odbccp32.lib" />
				</Linker>
			</Target>
			<Target title="DebugNoUnicode Win32">
				<Option output="../bin/DebugNoUnicode_Win32/hookldr" prefix_auto="1" extension_auto="1" />
				<Option object_output="../obj/DebugNoUnicode_Win32/hookldr/" />
				<Option deps_output="../bin/DebugNoUnicode_Win32/" />
				<Option type="0" />
				<Option compiler="gcc" />
				<Compiler>
					<Add option="-DWIN32" />
					<Add option="-D_DEBUG" />
					<Add option="-D_WINDOWS" />
					<Add option="-O0" />
					<Add option="-Wall" />
					<Add option="-Wextra" />
					<Add directory="../" />
				</Compiler>
				<Linker>
					<Add library="winmm.lib" />
					<Add library="comctl32.lib" />
					<Add library="kernel32.lib" />
					<Add library="user32.lib" />
					<Add library="gdi32.lib" />
					<Add library="winspool.lib" />
					<Add library="comdlg32.lib" />
					<Add library="advapi32.lib" />
					<Add library="shell32.lib" />
					<Add library="ole32.lib" />
					<Add library="oleaut32.lib" />
					<Add library="uuid.lib" />
					<Add library="odbc32.lib" />
					<Add library="odbccp32.lib" />
				</Linker>
			</Target>
			<Target title="ReleaseNoUnicode x64">
				<Option output="../bin/ReleaseNoUnicode_x64/hookldr" prefix_auto="1" extension_auto="1" />
				<Option object_output="../obj/ReleaseNoUnicode_x64/hookldr/" />
				<Option deps_output="../bin/ReleaseNoUnicode_x64/" />
				<Option type="0" />
				<Option compiler="gcc" />
				<Compiler>
					<Add option="-DWIN32" />
					<Add option="-DNDEBUG" />
					<Add option="-D_WINDOWS" />
					<Add option="-O1" />
					<Add option="-Wall" />
					<Add directory="../" />
				</Compiler>
				<Linker>
					<Add option="-s" />
					<Add library="winmm.lib" />
					<Add library="comctl32.lib" />
					<Add library="kernel32.lib" />
					<Add library="user32.lib" />
					<Add library="gdi32.lib" />
					<Add library="winspool.lib" />
					<Add library="comdlg32.lib" />
					<Add library="advapi32.lib" />
					<Add library="shell32.lib" />
					<Add library="ole32.lib" />
					<Add library="oleaut32.lib" />
					<Add library="uuid.lib" />
					<Add library="odbc32.lib" />
					<Add library="odbccp32.lib" />
				</Linker>
			</Target>
			<Target title="Debug x64">
				<Option output="../bin/Debug_x64/hookldr" prefix_auto="1" extension_auto="1" />
				<Option object_output="../obj/Debug_x64/hookldr/" />
				<Option deps_output="../bin/Debug_x64/" />
				<Option type="0" />
				<Option compiler="gcc" />
				<Compiler>
					<Add option="-g" />
					<Add option="-DWIN32" />
					<Add option="-D_DEBUG" />
					<Add option="-D_WINDOWS" />
					<Add option="-O0" />
					<Add option="-Wall" />
					<Add option="-Wextra" />
					<Add directory="../" />
				</Compiler>
				<Linker>
					<Add library="winmm.lib" />
					<Add library="comctl32.lib" />
					<Add library="kernel32.lib" />
					<Add library="user32.lib" />
					<Add library="gdi32.lib" />
					<Add library="winspool.lib" />
					<Add library="comdlg32.lib" />
					<Add library="advapi32.lib" />
					<Add library="shell32.lib" />
					<Add library="ole32.lib" />
					<Add library="oleaut32.lib" />
					<Add library="uuid.lib" />
					<Add library="odbc32.lib" />
					<Add library="odbccp32.lib" />
				</Linker>
			</Target>
			<Target title="Release x64">
				<Option output="../bin/Release_x64/hookldr" prefix_auto="1" extension_auto="1" />
				<Option object_output="../obj/Release_x64/hookldr/" />
				<Option deps_output="../bin/Release_x64/" />
				<Option type="0" />
				<Option compiler="gcc" />
				<Compiler>
					<Add option="-DWIN32" />
					<Add option="-DNDEBUG" />
					<Add option="-D_WINDOWS" />
					<Add option="-O1" />
					<Add option="-Wall" />
					<Add option="-Wextra" />
					<Add directory="../" />
				</Compiler>
				<Linker>
					<Add option="-s" />
					<Add library="winmm.lib" />
					<Add library="comctl32.lib" />
					<Add library="kernel32.lib" />
					<Add library="user32.lib" />
					<Add library="gdi32.lib" />
					<Add library="winspool.lib" />
					<Add library="comdlg32.lib" />
					<Add library="advapi32.lib" />
					<Add library="shell32.lib" />
					<Add library="ole32.lib" />
					<Add library="oleaut32.lib" />
					<Add library="uuid.lib" />
					<Add library="odbc32.lib" />
					<Add library="odbccp32.lib" />
				</Linker>
			</Target>
			<Target title="ReleaseNoUnicode Win32">
				<Option output="../bin/ReleaseNoUnicode_Win32/hookldr" prefix_auto="1" extension_auto="1" />
				<Option object_output="../obj/ReleaseNoUnicode_Win32/hookldr/" />
				<Option deps_output="../bin/ReleaseNoUnicode_Win32/" />
				<Option type="0" />
				<Option compiler="gcc" />
				<Compiler>
					<Add option="-DWIN32" />
					<Add option="-DNDEBUG" />
					<Add option="-D_WINDOWS" />
					<Add option="-O1" />
					<Add option="-Wall" />
					<Add option="-Wextra" />
					<Add directory="../" />
				</Compiler>
				<Linker>
					<Add option="-s" />
					<Add library="winmm.lib" />
					<Add library="comctl32.lib" />
					<Add library="kernel32.lib" />
					<Add library="user32.lib" />
					<Add library="gdi32.lib" />
					<Add library="winspool.lib" />
					<Add library="comdlg32.lib" />
					<Add library="advapi32.lib" />
					<Add library="shell32.lib" />
					<Add library="ole32.lib" />
					<Add library="oleaut32.lib" />
					<Add library="uuid.lib" />
					<Add library="odbc32.lib" />
					<Add library="odbccp32.lib" />
				</Linker>
			</Target>
			<Target title="Release Win32">
				<Option output="../bin/Release_Win32/hookldr" prefix_auto="1" extension_auto="1" />
				<Option object_output="../obj/Release_Win32/hookldr/" />
				<Option deps_output="../bin/Release_Win32/" />
				<Option type="0" />
				<Option compiler="gcc" />
				<Compiler>
					<Add option="-DWIN32" />
					<Add option="-DNDEBUG" />
					<Add option="-D_WINDOWS" />
					<Add option="-O2" />
					<Add option="-Wall" />
					<Add option="-Wextra" />
					<Add directory="../" />
				</Compiler>
				<Linker>
					<Add option="-s" />
					<Add library="winmm.lib" />
					<Add library="comctl32.lib" />
					<Add library="kernel32.lib" />
					<Add library="user32.lib" />
					<Add library="gdi32.lib" />
					<Add library="winspool.lib" />
					<Add library="comdlg32.lib" />
					<Add library="advapi32.lib" />
					<Add library="shell32.lib" />
					<Add library="ole32.lib" />
					<Add library="oleaut32.lib" />
					<Add library="uuid.lib" />
					<Add library="odbc32.lib" />
					<Add library="odbccp32.lib" />
				</Linker>
			</Target>
		</Build>
		<Unit filename="HookLoaderApplication.cpp" />
		<Unit filename="HookLoaderApplication.h" />
		<Unit filename="ParentEventsListener.h" />
		<Unit filename="ParentWatcher.cpp" />
		<Unit filename="ParentWatcher.h" />
		<Unit filename="hookldr.cpp" />
		<Extensions>
			<lib_finder disable_auto="1" />
		</Extensions>
	</Project>
</CodeBlocks_project_file>
