<?xml version="1.0" encoding="UTF-8" standalone="yes" ?>
<CodeBlocks_project_file>
	<FileVersion major="1" minor="6" />
	<Project>
		<Option title="kvncserver" />
		<Option pch_mode="2" />
		<Option compiler="gcc" />
		<Build>
			<Target title="Release_Win32">
				<Option output="../out/bin/$(TARGET_NAME)/$(PROJECTNAME)" prefix_auto="0" extension_auto="1" />
				<Option object_output="../out/obj/$(TARGET_NAME)/$(PROJECTNAME)" />
				<Option deps_output="$(WORKSPACE_DIRECTORY)/out/bin/Release_Win32/" />
				<Option type="0" />
				<Option compiler="gcc" />
				<Compiler>
					<Add option="-O2" />
					<Add option="-Wfatal-errors" />
					<Add option="-Wextra" />
					<Add option="-Wall" />
					<Add option="-std=c++11" />
					<Add option="-DNDEBUG" />
					<Add option="-D_WINDOWS" />
					<Add option="-DWIN32" />
					<Add directory="./" />
					<Add directory="../pjlib/pjlib/include/" />
					<Add directory="../pjlib/pjlib-util/include/" />
					<Add directory="../pjlib/pjnath/include/" />
					<Add directory="../openssl/include/" />
					<Add directory="../usrsctplib/" />
					<Add directory="../lib_bin/openssl-1.1.1h-win32-mingw/include/" />
				</Compiler>
				<Linker>
					<Add option="-s" />
					<Add library="winmm" />
					<Add library="kernel32" />
					<Add library="user32" />
					<Add library="gdi32" />
					<Add library="winspool" />
					<Add library="comdlg32" />
					<Add library="advapi32" />
					<Add library="shell32" />
					<Add library="ole32" />
					<Add library="oleaut32" />
					<Add library="uuid" />
					<Add library="odbc32" />
					<Add library="odbccp32" />
					<Add library="lib_tvncontrol_app" />
					<Add library="lib_ws_config" />
					<Add library="lib_network" />
					<Add library="lib_server_config" />
					<Add library="lib_thread" />
					<Add library="lib_gui" />
					<Add library="lib_util" />
					<Add library="lib_tvnserver_app" />
					<Add library="lib_log_writer" />
					<Add library="lib_win_system" />
					<Add library="lib_region" />
					<Add library="lib_io" />
					<Add library="lib_config" />
					<Add library="lib_file" />
					<Add library="ws2_32" />
					<Add library="lib_p2p" />
					<Add library="comctl32" />
					<Add library="lib_log_server" />
					<Add library="lib_desktop_ipc" />
					<Add library="lib_desktop" />
					<Add library="lib_win_event_log" />
					<Add library="lib_http_server" />
					<Add library="lib_fb_update_sender" />
					<Add library="lib_rfb_sconn" />
					<Add library="lib_rfb" />
					<Add library="lib_tcp_dispatcher" />
					<Add library="wtsapi32" />
					<Add library="psapi" />
					<Add library="libversion" />
					<Add library="lib_usrsctp" />
					<Add library="lib_ft_server" />
					<Add library="lib_zlib" />
					<Add library="lib_jpegturbo" />
					<Add library="Iphlpapi" />
					<Add library="libssl" />
					<Add library="libcrypto" />
					<Add library="lib_pj" />
					<Add library="lib_ws_config" />
					<Add library="lib_server_config" />
					<Add library="lib_util" />
					<Add library="lib_thread" />
					<Add library="lib_network" />
					<Add library="lib_pj" />
					<Add library="lib_pjnath" />
					<Add library="lib_pjutil" />
					<Add library="lib_region" />
					<Add library="lib_win_system" />
					<Add library="lib_gui" />
					<Add library="lib_log_writer" />
					<Add library="lib_desktop" />
					<Add library="lib_desktop_ipc" />
					<Add library="lib_fb_update_sender" />
					<Add library="lib_ft_common" />
					<Add library="lib_file" />
					<Add library="Ws2_32" />
					<Add library="Ole32" />
					<Add library="lib_zlib" />
					<Add directory="$(TARGET_OUTPUT_DIR)" />
					<Add directory="../lib_bin/openssl-1.1.1h-win32-mingw/lib" />
					<LinkerExe value="CppCompiler" />
				</Linker>
			</Target>
		</Build>
		<Unit filename="../win-event-log/MessageProvider.rc">
			<Option compilerVar="WINDRES" />
		</Unit>
		<Unit filename="BuildTime.cpp" />
		<Unit filename="BuildTime.h" />
		<Unit filename="res/connected.ico" />
		<Unit filename="res/disabled.ico" />
		<Unit filename="res/idle.ico" />
		<Unit filename="res/konturvnc.png" />
		<Unit filename="res/tightvnc.bmp" />
		<Unit filename="resource.h" />
		<Unit filename="tvnserver.cpp" />
		<Unit filename="tvnserver.rc">
			<Option compilerVar="WINDRES" />
		</Unit>
		<Extensions>
			<lib_finder disable_auto="1" />
		</Extensions>
	</Project>
</CodeBlocks_project_file>
