<?xml version="1.0" encoding="UTF-8" standalone="yes" ?>
<CodeBlocks_project_file>
	<FileVersion major="1" minor="6" />
	<Project>
		<Option title="win-system" />
		<Option pch_mode="2" />
		<Option compiler="gcc" />
		<Build>
			<Target title="Debug Win32">
				<Option output="$(WORKSPACE_DIRECTORY)/out/bin/Debug_Win32/winsystem" prefix_auto="1" extension_auto="1" />
				<Option working_dir="" />
				<Option object_output="$(WORKSPACE_DIRECTORY)/out/obj/Debug_Win32/winsystem/" />
				<Option deps_output="../bin/Debug_Win32/" />
				<Option type="2" />
				<Option compiler="gcc" />
				<Option createDefFile="1" />
				<Compiler>
					<Add option="-g" />
					<Add option="-DWIN32" />
					<Add option="-D_DEBUG" />
					<Add option="-D_LIB" />
					<Add option="-O0" />
					<Add option="-Wall" />
					<Add option="-Wextra" />
					<Add directory="../" />
					<Add directory="./" />
					<Add directory="$(VCInstallDir)/" />
				</Compiler>
			</Target>
			<Target title="DebugNoUnicode x64">
				<Option output="../bin/DebugNoUnicode_x64/winsystem" prefix_auto="1" extension_auto="1" />
				<Option working_dir="" />
				<Option object_output="../obj/DebugNoUnicode_x64/winsystem/" />
				<Option deps_output="../bin/DebugNoUnicode_x64/" />
				<Option type="2" />
				<Option compiler="gcc" />
				<Option createDefFile="1" />
				<Compiler>
					<Add option="-DWIN32" />
					<Add option="-D_DEBUG" />
					<Add option="-D_LIB" />
					<Add option="-O0" />
					<Add option="-Wall" />
					<Add directory="../" />
					<Add directory="./" />
				</Compiler>
			</Target>
			<Target title="DebugNoUnicode Win32">
				<Option output="../bin/DebugNoUnicode_Win32/winsystem" prefix_auto="1" extension_auto="1" />
				<Option working_dir="" />
				<Option object_output="../obj/DebugNoUnicode_Win32/winsystem/" />
				<Option deps_output="../bin/DebugNoUnicode_Win32/" />
				<Option type="2" />
				<Option compiler="gcc" />
				<Option createDefFile="1" />
				<Compiler>
					<Add option="-DWIN32" />
					<Add option="-D_DEBUG" />
					<Add option="-D_LIB" />
					<Add option="-O0" />
					<Add option="-Wall" />
					<Add directory="../" />
					<Add directory="./" />
				</Compiler>
			</Target>
			<Target title="ReleaseNoUnicode x64">
				<Option output="../bin/ReleaseNoUnicode_x64/winsystem" prefix_auto="1" extension_auto="1" />
				<Option working_dir="" />
				<Option object_output="../obj/ReleaseNoUnicode_x64/winsystem/" />
				<Option deps_output="../bin/ReleaseNoUnicode_x64/" />
				<Option type="2" />
				<Option compiler="gcc" />
				<Option createDefFile="1" />
				<Compiler>
					<Add option="-DWIN32" />
					<Add option="-DNDEBUG" />
					<Add option="-D_LIB" />
					<Add option="-O1" />
					<Add option="-Wall" />
					<Add directory="../" />
					<Add directory="./" />
				</Compiler>
				<Linker>
					<Add option="-s" />
				</Linker>
			</Target>
			<Target title="Debug x64">
				<Option output="../bin/Debug_x64/winsystem" prefix_auto="1" extension_auto="1" />
				<Option working_dir="" />
				<Option object_output="../obj/Debug_x64/winsystem/" />
				<Option deps_output="../bin/Debug_x64/" />
				<Option type="2" />
				<Option compiler="gcc" />
				<Option createDefFile="1" />
				<Compiler>
					<Add option="-g" />
					<Add option="-DWIN32" />
					<Add option="-D_DEBUG" />
					<Add option="-D_LIB" />
					<Add option="-O0" />
					<Add option="-Wall" />
					<Add option="-Wextra" />
					<Add directory="../" />
					<Add directory="./" />
				</Compiler>
			</Target>
			<Target title="Release x64">
				<Option output="../bin/Release_x64/winsystem" prefix_auto="1" extension_auto="1" />
				<Option working_dir="" />
				<Option object_output="../obj/Release_x64/winsystem/" />
				<Option deps_output="../bin/Release_x64/" />
				<Option type="2" />
				<Option compiler="gcc" />
				<Option createDefFile="1" />
				<Compiler>
					<Add option="-DWIN32" />
					<Add option="-DNDEBUG" />
					<Add option="-D_LIB" />
					<Add option="-O2" />
					<Add option="-Wall" />
					<Add option="-Wextra" />
					<Add directory="../" />
					<Add directory="./" />
					<Add directory="$(VCInstallDir)/" />
				</Compiler>
				<Linker>
					<Add option="-s" />
				</Linker>
			</Target>
			<Target title="ReleaseNoUnicode Win32">
				<Option output="../bin/ReleaseNoUnicode_Win32/winsystem" prefix_auto="1" extension_auto="1" />
				<Option working_dir="" />
				<Option object_output="../obj/ReleaseNoUnicode_Win32/winsystem/" />
				<Option deps_output="../bin/ReleaseNoUnicode_Win32/" />
				<Option type="2" />
				<Option compiler="gcc" />
				<Option createDefFile="1" />
				<Compiler>
					<Add option="-DWIN32" />
					<Add option="-DNDEBUG" />
					<Add option="-D_LIB" />
					<Add option="-O1" />
					<Add option="-Wall" />
					<Add directory="../" />
					<Add directory="./" />
				</Compiler>
				<Linker>
					<Add option="-s" />
				</Linker>
			</Target>
			<Target title="Release Win32">
				<Option output="$(WORKSPACE_DIRECTORY)/out/bin/Release_Win32/winsystem" prefix_auto="1" extension_auto="1" />
				<Option working_dir="" />
				<Option object_output="$(WORKSPACE_DIRECTORY)/out/obj/Release_Win32/winsystem/" />
				<Option deps_output="../bin/Release_Win32/" />
				<Option type="2" />
				<Option compiler="gcc" />
				<Option createDefFile="1" />
				<Compiler>
					<Add option="-O2" />
					<Add option="-Wfatal-errors" />
					<Add option="-Wall" />
					<Add option="-std=c++98" />
					<Add option="-fpermissive" />
					<Add option="-DWIN32" />
					<Add option="-DNDEBUG" />
					<Add option="-D_LIB" />
					<Add directory="../" />
					<Add directory="./" />
					<Add directory="$(VCInstallDir)/" />
					<Add directory="$(CODEBLOCKS)/MinGW/i686-w64-mingw32/include" />
				</Compiler>
				<Linker>
					<Add option="-s" />
				</Linker>
			</Target>
		</Build>
		<Unit filename="AnonymousPipe.cpp" />
		<Unit filename="AnonymousPipe.h" />
		<Unit filename="AnonymousPipeFactory.cpp" />
		<Unit filename="AnonymousPipeFactory.h" />
		<Unit filename="AutoImpersonator.cpp" />
		<Unit filename="AutoImpersonator.h" />
		<Unit filename="CtrlAltDelSimulator.cpp" />
		<Unit filename="CtrlAltDelSimulator.h" />
		<Unit filename="CurrentConsoleProcess.cpp" />
		<Unit filename="CurrentConsoleProcess.h" />
		<Unit filename="DibSection.cpp" />
		<Unit filename="DibSection.h" />
		<Unit filename="DynamicLibrary.cpp" />
		<Unit filename="DynamicLibrary.h" />
		<Unit filename="Environment.cpp" />
		<Unit filename="Environment.h" />
		<Unit filename="HookEventListener.h" />
		<Unit filename="Impersonator.cpp" />
		<Unit filename="Impersonator.h" />
		<Unit filename="InputInjector.cpp" />
		<Unit filename="InputInjector.h" />
		<Unit filename="Keyboard.cpp" />
		<Unit filename="Keyboard.h" />
		<Unit filename="LocalWindowsApplication.cpp" />
		<Unit filename="LocalWindowsApplication.h" />
		<Unit filename="NamedPipe.cpp" />
		<Unit filename="NamedPipe.h" />
		<Unit filename="ParentProcess.cpp" />
		<Unit filename="ParentProcess.h" />
		<Unit filename="Pipe.cpp" />
		<Unit filename="Pipe.h" />
		<Unit filename="PipeClient.cpp" />
		<Unit filename="PipeClient.h" />
		<Unit filename="PipeImpersonatedThread.cpp" />
		<Unit filename="PipeImpersonatedThread.h" />
		<Unit filename="PipeServer.cpp" />
		<Unit filename="PipeServer.h" />
		<Unit filename="Process.cpp" />
		<Unit filename="Process.h" />
		<Unit filename="ProcessHandle.cpp" />
		<Unit filename="ProcessHandle.h" />
		<Unit filename="Registry.cpp" />
		<Unit filename="Registry.h" />
		<Unit filename="RegistryKey.cpp" />
		<Unit filename="RegistryKey.h" />
		<Unit filename="SCMClient.cpp" />
		<Unit filename="SCMClient.h" />
		<Unit filename="Screen.cpp" />
		<Unit filename="Screen.h" />
		<Unit filename="SecurityAttributes.cpp" />
		<Unit filename="SecurityAttributes.h" />
		<Unit filename="Service.cpp" />
		<Unit filename="Service.h" />
		<Unit filename="SharedMemory.cpp" />
		<Unit filename="SharedMemory.h" />
		<Unit filename="Shell.cpp" />
		<Unit filename="Shell.h" />
		<Unit filename="SystemException.cpp" />
		<Unit filename="SystemException.h" />
		<Unit filename="SystemInformation.cpp" />
		<Unit filename="SystemInformation.h" />
		<Unit filename="UipiControl.cpp" />
		<Unit filename="UipiControl.h" />
		<Unit filename="VersionInfo.cpp" />
		<Unit filename="VersionInfo.h" />
		<Unit filename="WTS.cpp" />
		<Unit filename="WTS.h" />
		<Unit filename="WinClipboard.cpp" />
		<Unit filename="WinClipboard.h" />
		<Unit filename="WinCommandLineArgs.cpp" />
		<Unit filename="WinCommandLineArgs.h" />
		<Unit filename="WinCursor.cpp" />
		<Unit filename="WinCursor.h" />
		<Unit filename="WinHandles.cpp" />
		<Unit filename="WinHandles.h" />
		<Unit filename="WinHooks.cpp" />
		<Unit filename="WinHooks.h" />
		<Unit filename="WinProcessCommandLine.cpp" />
		<Unit filename="WinProcessCommandLine.h" />
		<Unit filename="WinStaLibrary.cpp" />
		<Unit filename="WinStaLibrary.h" />
		<Unit filename="WinTimeMillis.cpp" />
		<Unit filename="WinTimeMillis.h" />
		<Unit filename="WindowsApplication.cpp" />
		<Unit filename="WindowsApplication.h" />
		<Unit filename="WindowsDisplays.cpp" />
		<Unit filename="WindowsDisplays.h" />
		<Unit filename="WindowsEvent.cpp" />
		<Unit filename="WindowsEvent.h" />
		<Unit filename="WindowsEventEx.cpp" />
		<Unit filename="WindowsEventEx.h" />
		<Unit filename="Workstation.cpp" />
		<Unit filename="Workstation.h" />
		<Unit filename="WsaStartup.cpp" />
		<Unit filename="WsaStartup.h" />
		<Unit filename="security/SecurityDescriptor.cpp" />
		<Unit filename="security/SecurityDescriptor.h" />
		<Unit filename="security/SecurityIdentifier.cpp" />
		<Unit filename="security/SecurityIdentifier.h" />
		<Extensions>
			<lib_finder disable_auto="1" />
		</Extensions>
	</Project>
</CodeBlocks_project_file>
