<?xml version="1.0" encoding="UTF-8" standalone="yes" ?>
<CodeBlocks_project_file>
	<FileVersion major="1" minor="6" />
	<Project>
		<Option title="server-config-lib" />
		<Option pch_mode="2" />
		<Option compiler="gcc" />
		<Build>
			<Target title="Debug Win32">
				<Option output="$(WORKSPACE_DIRECTORY)/out/bin/Debug_Win32/serverconfiglib" prefix_auto="1" extension_auto="1" />
				<Option working_dir="" />
				<Option object_output="$(WORKSPACE_DIRECTORY)/out/obj/Debug_Win32/serverconfiglib/" />
				<Option deps_output="../bin/Debug_Win32/" />
				<Option type="2" />
				<Option compiler="gcc" />
				<Option createDefFile="1" />
				<Compiler>
					<Add option="-g" />
					<Add option="-DWIN32" />
					<Add option="-D_DEBUG" />
					<Add option="-D_LIB" />
					<Add option="-O0" />
					<Add option="-Wall" />
					<Add option="-Wextra" />
					<Add directory="./" />
					<Add directory="../" />
					<Add directory="../pjlib/pjlib/include/" />
					<Add directory="../pjlib/pjlib-util/include/" />
					<Add directory="../pjlib/pjnath/include/" />
					<Add directory="../openssl/include/" />
					<Add directory="../usrsctplib/" />
				</Compiler>
			</Target>
			<Target title="DebugNoUnicode x64">
				<Option output="../bin/DebugNoUnicode_x64/serverconfiglib" prefix_auto="1" extension_auto="1" />
				<Option working_dir="" />
				<Option object_output="../obj/DebugNoUnicode_x64/serverconfiglib/" />
				<Option deps_output="../bin/DebugNoUnicode_x64/" />
				<Option type="2" />
				<Option compiler="gcc" />
				<Option createDefFile="1" />
				<Compiler>
					<Add option="-DWIN32" />
					<Add option="-D_DEBUG" />
					<Add option="-D_LIB" />
					<Add option="-O0" />
					<Add option="-Wall" />
					<Add directory="./" />
					<Add directory="../" />
				</Compiler>
			</Target>
			<Target title="DebugNoUnicode Win32">
				<Option output="../bin/DebugNoUnicode_Win32/serverconfiglib" prefix_auto="1" extension_auto="1" />
				<Option working_dir="" />
				<Option object_output="../obj/DebugNoUnicode_Win32/serverconfiglib/" />
				<Option deps_output="../bin/DebugNoUnicode_Win32/" />
				<Option type="2" />
				<Option compiler="gcc" />
				<Option createDefFile="1" />
				<Compiler>
					<Add option="-DWIN32" />
					<Add option="-D_DEBUG" />
					<Add option="-D_LIB" />
					<Add option="-O0" />
					<Add option="-Wall" />
					<Add option="-Wextra" />
					<Add directory="./" />
					<Add directory="../" />
				</Compiler>
			</Target>
			<Target title="ReleaseNoUnicode x64">
				<Option output="../bin/ReleaseNoUnicode_x64/serverconfiglib" prefix_auto="1" extension_auto="1" />
				<Option working_dir="" />
				<Option object_output="../obj/ReleaseNoUnicode_x64/serverconfiglib/" />
				<Option deps_output="../bin/ReleaseNoUnicode_x64/" />
				<Option type="2" />
				<Option compiler="gcc" />
				<Option createDefFile="1" />
				<Compiler>
					<Add option="-DWIN32" />
					<Add option="-DNDEBUG" />
					<Add option="-D_LIB" />
					<Add option="-O1" />
					<Add option="-Wall" />
					<Add directory="./" />
					<Add directory="../" />
				</Compiler>
				<Linker>
					<Add option="-s" />
				</Linker>
			</Target>
			<Target title="Debug x64">
				<Option output="../bin/Debug_x64/serverconfiglib" prefix_auto="1" extension_auto="1" />
				<Option working_dir="" />
				<Option object_output="../obj/Debug_x64/serverconfiglib/" />
				<Option deps_output="../bin/Debug_x64/" />
				<Option type="2" />
				<Option compiler="gcc" />
				<Option createDefFile="1" />
				<Compiler>
					<Add option="-g" />
					<Add option="-DWIN32" />
					<Add option="-D_DEBUG" />
					<Add option="-D_LIB" />
					<Add option="-O0" />
					<Add option="-Wall" />
					<Add option="-Wextra" />
					<Add directory="./" />
					<Add directory="../" />
				</Compiler>
			</Target>
			<Target title="Release x64">
				<Option output="../bin/Release_x64/serverconfiglib" prefix_auto="1" extension_auto="1" />
				<Option working_dir="" />
				<Option object_output="../obj/Release_x64/serverconfiglib/" />
				<Option deps_output="../bin/Release_x64/" />
				<Option type="2" />
				<Option compiler="gcc" />
				<Option createDefFile="1" />
				<Compiler>
					<Add option="-DWIN32" />
					<Add option="-DNDEBUG" />
					<Add option="-D_LIB" />
					<Add option="-O1" />
					<Add option="-Wall" />
					<Add option="-Wextra" />
					<Add directory="./" />
					<Add directory="../" />
				</Compiler>
				<Linker>
					<Add option="-s" />
				</Linker>
			</Target>
			<Target title="ReleaseNoUnicode Win32">
				<Option output="../bin/ReleaseNoUnicode_Win32/serverconfiglib" prefix_auto="1" extension_auto="1" />
				<Option working_dir="" />
				<Option object_output="../obj/ReleaseNoUnicode_Win32/serverconfiglib/" />
				<Option deps_output="../bin/ReleaseNoUnicode_Win32/" />
				<Option type="2" />
				<Option compiler="gcc" />
				<Option createDefFile="1" />
				<Compiler>
					<Add option="-DWIN32" />
					<Add option="-DNDEBUG" />
					<Add option="-D_LIB" />
					<Add option="-O1" />
					<Add option="-Wall" />
					<Add option="-Wextra" />
					<Add directory="./" />
					<Add directory="../" />
				</Compiler>
				<Linker>
					<Add option="-s" />
				</Linker>
			</Target>
			<Target title="Release Win32">
				<Option output="$(WORKSPACE_DIRECTORY)/out/bin/Release_Win32/serverconfiglib" prefix_auto="1" extension_auto="1" />
				<Option working_dir="" />
				<Option object_output="$(WORKSPACE_DIRECTORY)/out/obj/Release_Win32/serverconfiglib/" />
				<Option deps_output="../bin/Release_Win32/" />
				<Option type="2" />
				<Option compiler="gcc" />
				<Option createDefFile="1" />
				<Compiler>
					<Add option="-O2" />
					<Add option="-Wfatal-errors" />
					<Add option="-Wextra" />
					<Add option="-Wall" />
					<Add option="-std=c++11" />
					<Add option="-DWIN32" />
					<Add option="-DNDEBUG" />
					<Add option="-D_LIB" />
					<Add directory="./" />
					<Add directory="../" />
				</Compiler>
				<Linker>
					<Add option="-s" />
				</Linker>
			</Target>
		</Build>
		<Unit filename="ConfigReloadListener.cpp" />
		<Unit filename="ConfigReloadListener.h" />
		<Unit filename="Configurator.cpp" />
		<Unit filename="Configurator.h" />
		<Unit filename="DesktopConfig.h" />
		<Unit filename="IpAccessControl.cpp" />
		<Unit filename="IpAccessControl.h" />
		<Unit filename="IpAccessRule.cpp" />
		<Unit filename="IpAccessRule.h" />
		<Unit filename="PortMapping.cpp" />
		<Unit filename="PortMapping.h" />
		<Unit filename="PortMappingContainer.cpp" />
		<Unit filename="PortMappingContainer.h" />
		<Unit filename="PortMappingRect.cpp" />
		<Unit filename="PortMappingRect.h" />
		<Unit filename="RegistrySecurityAttributes.cpp" />
		<Unit filename="RegistrySecurityAttributes.h" />
		<Unit filename="ServerConfig.cpp" />
		<Unit filename="ServerConfig.h" />
		<Extensions>
			<lib_finder disable_auto="1" />
		</Extensions>
	</Project>
</CodeBlocks_project_file>
