<?xml version="1.0" encoding="UTF-8" standalone="yes" ?>
<CodeBlocks_project_file>
	<FileVersion major="1" minor="6" />
	<Project>
		<Option title="kvnc_server" />
		<Option pch_mode="2" />
		<Option compiler="gcc" />
		<Build>
			<Target title="Debug_Win32">
				<Option output="$(WORKSPACEDIR)/!out/bin/$(TARGET_NAME)/$(PROJECTNAME)" prefix_auto="0" extension_auto="1" />
				<Option object_output="$(WORKSPACEDIR)/!out/obj/$(TARGET_NAME)/$(PROJECTNAME)" />
				<Option deps_output="$(WORKSPACEDIR)/!out/bin/Release_Win32" />
				<Option external_deps="$(TARGET_OUTPUT_DIR)/libkvnc_all_config.a;$(TARGET_OUTPUT_DIR)/libkvnc_server_desktop.a;$(TARGET_OUTPUT_DIR)/libkvnc_server_desktopIpc.a;$(TARGET_OUTPUT_DIR)/libkvnc_all_file.a;$(TARGET_OUTPUT_DIR)/libkvnc_all_fileTransfer.a;$(TARGET_OUTPUT_DIR)/libkvnc_all_gui.a;$(TARGET_OUTPUT_DIR)/libkvnc_server_http.a;$(TARGET_OUTPUT_DIR)/libkvnc_all_io.a;$(TARGET_OUTPUT_DIR)/libkvnc_all_logger.a;$(TARGET_OUTPUT_DIR)/libkvnc_all_network.a;$(TARGET_OUTPUT_DIR)/libkvnc_all_p2p.a;$(TARGET_OUTPUT_DIR)/libkvnc_all_region.a;$(TARGET_OUTPUT_DIR)/libkvnc_all_rfb.a;$(TARGET_OUTPUT_DIR)/libkvnc_server_app.a;$(TARGET_OUTPUT_DIR)/libkvnc_server_config.a;$(TARGET_OUTPUT_DIR)/libkvnc_server_fileTransfer.a;$(TARGET_OUTPUT_DIR)/libkvnc_server_gui.a;$(TARGET_OUTPUT_DIR)/libkvnc_server_guiConfig.a;$(TARGET_OUTPUT_DIR)/libkvnc_server_log.a;$(TARGET_OUTPUT_DIR)/libkvnc_server_rfb.a;$(TARGET_OUTPUT_DIR)/libkvnc_server_rfbUpdateSender.a;$(TARGET_OUTPUT_DIR)/libkvnc_server_tcpDispatcher.a;$(TARGET_OUTPUT_DIR)/libkvnc_all_thread.a;$(TARGET_OUTPUT_DIR)/libkvnc_all_util.a;$(TARGET_OUTPUT_DIR)/libkvnc_server_winEventLog.a;$(TARGET_OUTPUT_DIR)/libkvnc_all_winSystem.a;$(TARGET_OUTPUT_DIR)/lib_jpegturbo.a;$(TARGET_OUTPUT_DIR)/lib_pj.a;$(TARGET_OUTPUT_DIR)/lib_pjnath.a;$(TARGET_OUTPUT_DIR)/lib_pjutil.a;$(TARGET_OUTPUT_DIR)/lib_usrsctp.a;$(TARGET_OUTPUT_DIR)/lib_zlib.a;" />
				<Option type="0" />
				<Option compiler="gcc" />
				<Option projectCompilerOptionsRelation="1" />
				<Option projectLinkerOptionsRelation="1" />
				<Option projectIncludeDirsRelation="1" />
				<Option projectResourceIncludeDirsRelation="1" />
				<Option projectLibDirsRelation="1" />
				<Compiler>
					<Add option="-Wfatal-errors" />
					<Add option="-Wextra" />
					<Add option="-Wall" />
					<Add option="-std=c++11" />
					<Add option="-g" />
					<Add option="-DNDEBUG" />
					<Add option="-D_WINDOWS" />
					<Add option="-DWIN32" />
					<Add directory="$(WORKSPACEDIR)/!external/openssl/include" />
					<Add directory="$(WORKSPACEDIR)/!external/pjproject/lib_pj/include" />
					<Add directory="$(WORKSPACEDIR)/!external/pjproject/lib_pjutil/include" />
					<Add directory="$(WORKSPACEDIR)/!external/pjproject/lib_pjnath/include" />
				</Compiler>
				<Linker>
					<Add option="-static-libstdc++" />
					<Add option="-static-libgcc" />
					<Add option="-static" />
					<Add option="-Wl,--start-group" />
					<Add option="-lkvnc_all_config" />
					<Add option="-lkvnc_all_file" />
					<Add option="-lkvnc_all_fileTransfer" />
					<Add option="-lkvnc_all_gui" />
					<Add option="-lkvnc_all_io" />
					<Add option="-lkvnc_all_logger" />
					<Add option="-lkvnc_all_network" />
					<Add option="-lkvnc_all_p2p" />
					<Add option="-lkvnc_all_region" />
					<Add option="-lkvnc_all_rfb" />
					<Add option="-lkvnc_all_thread" />
					<Add option="-lkvnc_all_util" />
					<Add option="-lkvnc_all_winSystem" />
					<Add option="-lkvnc_server_app" />
					<Add option="-lkvnc_server_config" />
					<Add option="-lkvnc_server_desktop" />
					<Add option="-lkvnc_server_desktopIpc" />
					<Add option="-lkvnc_server_fileTransfer" />
					<Add option="-lkvnc_server_gui" />
					<Add option="-lkvnc_server_guiConfig" />
					<Add option="-lkvnc_server_http" />
					<Add option="-lkvnc_server_log" />
					<Add option="-lkvnc_server_rfb" />
					<Add option="-lkvnc_server_rfbUpdateSender" />
					<Add option="-lkvnc_server_tcpDispatcher" />
					<Add option="-lkvnc_server_winEventLog" />
					<Add option="-Wl,--end-group" />
					<Add library="psapi" />
					<Add library="ssl" />
					<Add library="crypto" />
					<Add library="lib_pjnath" />
					<Add library="lib_pj" />
					<Add library="lib_pjutil" />
					<Add library="winmm" />
					<Add library="kernel32" />
					<Add library="user32" />
					<Add library="gdi32" />
					<Add library="winspool" />
					<Add library="comdlg32" />
					<Add library="advapi32" />
					<Add library="shell32" />
					<Add library="ole32" />
					<Add library="oleaut32" />
					<Add library="uuid" />
					<Add library="odbc32" />
					<Add library="odbccp32" />
					<Add library="ws2_32" />
					<Add library="comctl32" />
					<Add library="wtsapi32" />
					<Add library="libversion" />
					<Add library="lib_usrsctp" />
					<Add library="Iphlpapi" />
					<Add library="lib_zlib" />
					<Add library="lib_jpegturbo" />
					<Add library="libstdc++" />
					<Add directory="$(WORKSPACEDIR)/!external/openssl/lib" />
					<Add directory="$(TARGET_OUTPUT_DIR)" />
					<LinkerExe value="CppCompiler" />
				</Linker>
			</Target>
		</Build>
		<Compiler>
			<Add option="-std=c++11" />
		</Compiler>
		<Unit filename="kvnc_server.cpp" />
		<Unit filename="kvnc_server.rc">
			<Option compilerVar="WINDRES" />
		</Unit>
		<Unit filename="kvnc_server_BuildTime.cpp" />
		<Unit filename="kvnc_server_BuildTime.h" />
		<Unit filename="kvnc_server_Resource.h" />
		<Unit filename="res/connected.ico" />
		<Unit filename="res/disabled.ico" />
		<Unit filename="res/idle.ico" />
		<Extensions>
			<lib_finder disable_auto="1" />
		</Extensions>
	</Project>
</CodeBlocks_project_file>
