<?xml version="1.0" encoding="UTF-8" standalone="yes" ?>
<CodeBlocks_project_file>
	<FileVersion major="1" minor="6" />
	<Project>
		<Option title="lib_pjnath" />
		<Option pch_mode="2" />
		<Option compiler="gcc" />
		<Build>
			<Target title="Release_Win32">
				<Option output="$(WORKSPACEDIR)/!out/bin/$(TARGET_NAME)/$(PROJECTNAME)" prefix_auto="0" extension_auto="1" />
				<Option working_dir="" />
				<Option object_output="$(WORKSPACEDIR)/!out/obj/$(TARGET_NAME)/$(PROJECTNAME)" />
				<Option type="2" />
				<Option compiler="gcc" />
				<Option createDefFile="1" />
				<Compiler>
					<Add option="-D_LIB" />
					<Add directory="$(WORKSPACEDIR)/!external/pjproject/lib_pj/include" />
					<Add directory="$(WORKSPACEDIR)/!external/pjproject/lib_pjutil/include" />
				</Compiler>
				<ResourceCompiler>
					<Add directory="$(WORKSPACEDIR)/lib_pj/include" />
					<Add directory="$(WORKSPACEDIR)/lib_pjutil/include" />
				</ResourceCompiler>
			</Target>
			<Target title="Debug_Win32">
				<Option output="$(WORKSPACEDIR)/!out/bin/$(TARGET_NAME)/$(PROJECTNAME)" prefix_auto="0" extension_auto="1" />
				<Option working_dir="" />
				<Option object_output="$(WORKSPACEDIR)/!out/obj/$(TARGET_NAME)/$(PROJECTNAME)" />
				<Option type="2" />
				<Option compiler="gcc" />
				<Option createDefFile="1" />
				<Compiler>
					<Add option="-g" />
					<Add option="-D_LIB" />
					<Add directory="$(WORKSPACEDIR)/!external/pjproject/lib_pj/include" />
					<Add directory="$(WORKSPACEDIR)/!external/pjproject/lib_pjutil/include" />
				</Compiler>
				<ResourceCompiler>
					<Add directory="$(WORKSPACEDIR)/lib_pj/include" />
					<Add directory="$(WORKSPACEDIR)/lib_pjutil/include" />
				</ResourceCompiler>
			</Target>
		</Build>
		<Compiler>
			<Add directory="$(PROJECT_DIR)" />
			<Add directory="$(PROJECT_DIR)/include" />
		</Compiler>
		<Unit filename="include/pjnath.h" />
		<Unit filename="include/pjnath/config.h" />
		<Unit filename="include/pjnath/errno.h" />
		<Unit filename="include/pjnath/ice_session.h" />
		<Unit filename="include/pjnath/ice_strans.h" />
		<Unit filename="include/pjnath/nat_detect.h" />
		<Unit filename="include/pjnath/stun_auth.h" />
		<Unit filename="include/pjnath/stun_config.h" />
		<Unit filename="include/pjnath/stun_doc.h" />
		<Unit filename="include/pjnath/stun_msg.h" />
		<Unit filename="include/pjnath/stun_session.h" />
		<Unit filename="include/pjnath/stun_transaction.h" />
		<Unit filename="include/pjnath/turn_session.h" />
		<Unit filename="include/pjnath/turn_sock.h" />
		<Unit filename="include/pjnath/types.h" />
		<Unit filename="src/pjnath/errno.c">
			<Option compilerVar="CC" />
		</Unit>
		<Unit filename="src/pjnath/ice_session.c">
			<Option compilerVar="CC" />
		</Unit>
		<Unit filename="src/pjnath/ice_strans.c">
			<Option compilerVar="CC" />
		</Unit>
		<Unit filename="src/pjnath/nat_detect.c">
			<Option compilerVar="CC" />
		</Unit>
		<Unit filename="src/pjnath/stun_auth.c">
			<Option compilerVar="CC" />
		</Unit>
		<Unit filename="src/pjnath/stun_msg.c">
			<Option compilerVar="CC" />
		</Unit>
		<Unit filename="src/pjnath/stun_msg_dump.c">
			<Option compilerVar="CC" />
		</Unit>
		<Unit filename="src/pjnath/stun_session.c">
			<Option compilerVar="CC" />
		</Unit>
		<Unit filename="src/pjnath/stun_sock.c">
			<Option compilerVar="CC" />
		</Unit>
		<Unit filename="src/pjnath/stun_transaction.c">
			<Option compilerVar="CC" />
		</Unit>
		<Unit filename="src/pjnath/turn_session.c">
			<Option compilerVar="CC" />
		</Unit>
		<Unit filename="src/pjnath/turn_sock.c">
			<Option compilerVar="CC" />
		</Unit>
		<Extensions>
			<lib_finder disable_auto="1" />
		</Extensions>
	</Project>
</CodeBlocks_project_file>
