<?xml version="1.0" encoding="UTF-8" standalone="yes" ?>
<CodeBlocks_project_file>
	<FileVersion major="1" minor="6" />
	<Project>
		<Option title="ztest.heloo.cpp" />
		<Option pch_mode="2" />
		<Option compiler="gcc" />
		<Build>
			<Target title="Debug_Win32">
				<Option output="../../out/bin/$(TARGET_NAME)/$(PROJECTNAME)" prefix_auto="0" extension_auto="1" />
				<Option working_dir="../../out/bin/$(TARGET_NAME)" />
				<Option object_output="../../out/obj/$(TARGET_NAME)/$(PROJECTNAME)/" />
				<Option type="1" />
				<Option compiler="gcc" />
				<Option projectLibDirsRelation="1" />
				<Compiler>
					<Add option="-std=c++11" />
					<Add option="-g" />
				</Compiler>
				<Linker>
					<Add option="-static-libstdc++" />
					<Add option="-static-libgcc" />
					<Add option="-static" />
					<Add option="-Wl,--start-group" />
					<Add option="-lkvnc_util" />
					<Add option="-lstdc++" />
					<Add option="-Wl,--end-group" />
					<Add library="kvnc_client_config" />
					<Add directory="$(TARGET_OUTPUT_DIR)" />
					<LinkerExe value="CppCompiler" />
				</Linker>
			</Target>
			<Target title="Release_Win32">
				<Option output="../../out/obj/$(TARGET_NAME)/$(PROJECTNAME)" prefix_auto="0" extension_auto="1" />
				<Option object_output="../../out/obj/$(TARGET_NAME)/$(PROJECTNAME)/" />
				<Option type="1" />
				<Option compiler="gcc" />
				<Compiler>
					<Add option="-O2" />
					<Add option="-std=c++11" />
				</Compiler>
				<Linker>
					<Add option="-s" />
				</Linker>
			</Target>
		</Build>
		<Compiler>
			<Add option="-Wall" />
			<Add option="-std=c++11" />
		</Compiler>
		<Unit filename="main.cpp" />
		<Unit filename="some.cpp" />
		<Unit filename="some2/some2.cpp" />
		<Extensions>
			<lib_finder disable_auto="1" />
		</Extensions>
	</Project>
</CodeBlocks_project_file>
