<?xml version="1.0" encoding="UTF-8" standalone="yes" ?>
<CodeBlocks_project_file>
	<FileVersion major="1" minor="6" />
	<Project>
		<Option title="libkvnc_server_rfb" />
		<Option pch_mode="2" />
		<Option compiler="gcc" />
		<Build>
			<Target title="Debug_Win32">
				<Option output="$(WORKSPACEDIR)/!out/bin/$(TARGET_NAME)/$(PROJECTNAME)" prefix_auto="0" extension_auto="1" />
				<Option working_dir="" />
				<Option object_output="$(WORKSPACEDIR)/!out/obj/$(TARGET_NAME)/$(PROJECTNAME)" />
				<Option deps_output="../bin/Release_Win32/" />
				<Option type="2" />
				<Option compiler="gcc" />
				<Option createDefFile="1" />
				<Compiler>
					<Add option="-Wfatal-errors" />
					<Add option="-Wextra" />
					<Add option="-Wall" />
					<Add option="-std=c++11" />
					<Add option="-g" />
					<Add option="-DWIN32" />
					<Add option="-DNDEBUG" />
					<Add option="-D_LIB" />
					<Add directory="$(WORKSPACEDIR)/!external/openssl/include" />
					<Add directory="$(WORKSPACEDIR)/!external/pjproject/lib_pj/include/" />
					<Add directory="$(WORKSPACEDIR)/!external/pjproject/lib_pjutil/include/" />
					<Add directory="$(WORKSPACEDIR)/!external/pjproject/lib_pjnath/include/" />
				</Compiler>
			</Target>
			<Target title="Release_Win32">
				<Option output="$(WORKSPACEDIR)/!out/bin/$(TARGET_NAME)/$(PROJECTNAME)" prefix_auto="0" extension_auto="1" />
				<Option working_dir="" />
				<Option object_output="$(WORKSPACEDIR)/!out/obj/$(TARGET_NAME)/$(PROJECTNAME)" />
				<Option deps_output="../bin/Release_Win32/" />
				<Option type="2" />
				<Option compiler="gcc" />
				<Option createDefFile="1" />
				<Compiler>
					<Add option="-O2" />
					<Add option="-Wfatal-errors" />
					<Add option="-Wextra" />
					<Add option="-Wall" />
					<Add option="-std=c++11" />
					<Add option="-DWIN32" />
					<Add option="-DNDEBUG" />
					<Add option="-D_LIB" />
					<Add directory="$(WORKSPACEDIR)/!external/openssl/include" />
					<Add directory="$(WORKSPACEDIR)/!external/pjproject/lib_pj/include/" />
					<Add directory="$(WORKSPACEDIR)/!external/pjproject/lib_pjutil/include/" />
					<Add directory="$(WORKSPACEDIR)/!external/pjproject/lib_pjnath/include/" />
				</Compiler>
				<Linker>
					<Add option="-s" />
				</Linker>
			</Target>
		</Build>
		<Unit filename="AuthException.h" />
		<Unit filename="CapContainer.cpp" />
		<Unit filename="CapContainer.h" />
		<Unit filename="ClientAuthListener.h" />
		<Unit filename="ClientInputEventListener.h" />
		<Unit filename="ClientInputHandler.cpp" />
		<Unit filename="ClientInputHandler.h" />
		<Unit filename="ClientTerminationListener.h" />
		<Unit filename="ClipboardExchange.cpp" />
		<Unit filename="ClipboardExchange.h" />
		<Unit filename="EncodeOptions.cpp" />
		<Unit filename="EncodeOptions.h" />
		<Unit filename="Encoder.cpp" />
		<Unit filename="Encoder.h" />
		<Unit filename="EncoderStore.cpp" />
		<Unit filename="EncoderStore.h" />
		<Unit filename="HextileEncoder.cpp" />
		<Unit filename="HextileEncoder.h" />
		<Unit filename="HextileTile.h" />
		<Unit filename="JpegCompressor.cpp" />
		<Unit filename="JpegCompressor.h" />
		<Unit filename="JpegEncoder.cpp" />
		<Unit filename="JpegEncoder.h" />
		<Unit filename="RfbClient.cpp" />
		<Unit filename="RfbClient.h" />
		<Unit filename="RfbCodeRegistrator.cpp" />
		<Unit filename="RfbCodeRegistrator.h" />
		<Unit filename="RfbDispatcher.cpp" />
		<Unit filename="RfbDispatcher.h" />
		<Unit filename="RfbDispatcherListener.h" />
		<Unit filename="RfbInitializer.cpp" />
		<Unit filename="RfbInitializer.h" />
		<Unit filename="RreEncoder.cpp" />
		<Unit filename="RreEncoder.h" />
		<Unit filename="SdpHandler.cpp" />
		<Unit filename="SdpHandler.h" />
		<Unit filename="TextChatHandler.cpp" />
		<Unit filename="TextChatHandler.h" />
		<Unit filename="TextMsgListener.h" />
		<Unit filename="TightEncoder.cpp" />
		<Unit filename="TightEncoder.h" />
		<Unit filename="TightPalette.cpp" />
		<Unit filename="TightPalette.h" />
		<Unit filename="ZrleEncoder.cpp" />
		<Unit filename="ZrleEncoder.h" />
		<Extensions>
			<lib_finder disable_auto="1" />
		</Extensions>
	</Project>
</CodeBlocks_project_file>
