<?xml version="1.0" encoding="UTF-8" standalone="yes" ?>
<CodeBlocks_project_file>
	<FileVersion major="1" minor="6" />
	<Project>
		<Option title="libkvnc_desktop" />
		<Option pch_mode="2" />
		<Option compiler="gcc" />
		<Build>
			<Target title="Debug_Win32">
				<Option output="$(WORKSPACEDIR)/out/bin/$(TARGET_NAME)/$(PROJECTNAME)" prefix_auto="0" extension_auto="1" />
				<Option working_dir="" />
				<Option object_output="$(WORKSPACEDIR)/out/obj/$(TARGET_NAME)/$(PROJECTNAME)" />
				<Option deps_output="../bin/Release_Win32/" />
				<Option type="2" />
				<Option compiler="gcc" />
				<Option createDefFile="1" />
				<Compiler>
					<Add option="-Wfatal-errors" />
					<Add option="-Wextra" />
					<Add option="-Wall" />
					<Add option="-std=c++11" />
					<Add option="-g" />
					<Add option="-DWIN32" />
					<Add option="-DNDEBUG" />
					<Add option="-D_LIB" />
				</Compiler>
			</Target>
			<Target title="Release_Win32">
				<Option output="$(WORKSPACEDIR)/out/bin/$(TARGET_NAME)/$(PROJECTNAME)" prefix_auto="0" extension_auto="1" />
				<Option working_dir="" />
				<Option object_output="$(WORKSPACEDIR)/out/obj/$(TARGET_NAME)/$(PROJECTNAME)" />
				<Option deps_output="../bin/Release_Win32/" />
				<Option type="2" />
				<Option compiler="gcc" />
				<Option createDefFile="1" />
				<Compiler>
					<Add option="-O2" />
					<Add option="-Wfatal-errors" />
					<Add option="-Wextra" />
					<Add option="-Wall" />
					<Add option="-std=c++11" />
					<Add option="-DWIN32" />
					<Add option="-DNDEBUG" />
					<Add option="-D_LIB" />
				</Compiler>
				<Linker>
					<Add option="-s" />
				</Linker>
			</Target>
		</Build>
		<Unit filename="AbnormDeskTermListener.h" />
		<Unit filename="ApplicationDesktopFactory.cpp" />
		<Unit filename="ApplicationDesktopFactory.h" />
		<Unit filename="ClipboardListener.cpp" />
		<Unit filename="ClipboardListener.h" />
		<Unit filename="ConsolePoller.cpp" />
		<Unit filename="ConsolePoller.h" />
		<Unit filename="CopyRectDetector.cpp" />
		<Unit filename="CopyRectDetector.h" />
		<Unit filename="CursorPositionDetector.cpp" />
		<Unit filename="CursorPositionDetector.h" />
		<Unit filename="CursorShapeDetector.cpp" />
		<Unit filename="CursorShapeDetector.h" />
		<Unit filename="CursorShapeGrabber.cpp" />
		<Unit filename="CursorShapeGrabber.h" />
		<Unit filename="Desktop.h" />
		<Unit filename="DesktopBaseImpl.cpp" />
		<Unit filename="DesktopBaseImpl.h" />
		<Unit filename="DesktopClientImpl.cpp" />
		<Unit filename="DesktopClientImpl.h" />
		<Unit filename="DesktopConfigLocal.cpp" />
		<Unit filename="DesktopConfigLocal.h" />
		<Unit filename="DesktopFactory.h" />
		<Unit filename="DesktopServerWatcher.cpp" />
		<Unit filename="DesktopServerWatcher.h" />
		<Unit filename="DesktopWinImpl.cpp" />
		<Unit filename="DesktopWinImpl.h" />
		<Unit filename="GrabOptimizator.cpp" />
		<Unit filename="GrabOptimizator.h" />
		<Unit filename="HookInstaller.cpp" />
		<Unit filename="HookInstaller.h" />
		<Unit filename="HookUpdateTimer.cpp" />
		<Unit filename="HookUpdateTimer.h" />
		<Unit filename="HooksUpdateDetector.cpp" />
		<Unit filename="HooksUpdateDetector.h" />
		<Unit filename="InputBlocker.cpp" />
		<Unit filename="InputBlocker.h" />
		<Unit filename="MirrorDriverClient.cpp" />
		<Unit filename="MirrorDriverClient.h" />
		<Unit filename="MirrorScreenDriver.cpp" />
		<Unit filename="MirrorScreenDriver.h" />
		<Unit filename="Poller.cpp" />
		<Unit filename="Poller.h" />
		<Unit filename="SasUserInput.cpp" />
		<Unit filename="SasUserInput.h" />
		<Unit filename="ScreenDriver.h" />
		<Unit filename="ScreenDriverFactory.h" />
		<Unit filename="ScreenGrabber.cpp" />
		<Unit filename="ScreenGrabber.h" />
		<Unit filename="UpdateContainer.cpp" />
		<Unit filename="UpdateContainer.h" />
		<Unit filename="UpdateDetector.cpp" />
		<Unit filename="UpdateDetector.h" />
		<Unit filename="UpdateFilter.cpp" />
		<Unit filename="UpdateFilter.h" />
		<Unit filename="UpdateHandler.cpp" />
		<Unit filename="UpdateHandler.h" />
		<Unit filename="UpdateHandlerImpl.cpp" />
		<Unit filename="UpdateHandlerImpl.h" />
		<Unit filename="UpdateKeeper.cpp" />
		<Unit filename="UpdateKeeper.h" />
		<Unit filename="UpdateListener.cpp" />
		<Unit filename="UpdateListener.h" />
		<Unit filename="UpdateSendingListener.cpp" />
		<Unit filename="UpdateSendingListener.h" />
		<Unit filename="UserInput.cpp" />
		<Unit filename="UserInput.h" />
		<Unit filename="WallpaperUtil.cpp" />
		<Unit filename="WallpaperUtil.h" />
		<Unit filename="Win32MirrorScreenDriver.cpp" />
		<Unit filename="Win32MirrorScreenDriver.h" />
		<Unit filename="Win32ScreenDriver.cpp" />
		<Unit filename="Win32ScreenDriver.h" />
		<Unit filename="Win32ScreenDriverBaseImpl.cpp" />
		<Unit filename="Win32ScreenDriverBaseImpl.h" />
		<Unit filename="Win32ScreenDriverFactory.cpp" />
		<Unit filename="Win32ScreenDriverFactory.h" />
		<Unit filename="Win8CursorShape.cpp" />
		<Unit filename="Win8CursorShape.h" />
		<Unit filename="Win8DeskDuplicationThread.cpp" />
		<Unit filename="Win8DeskDuplicationThread.h" />
		<Unit filename="Win8DuplicationListener.h" />
		<Unit filename="Win8ScreenDriver.cpp" />
		<Unit filename="Win8ScreenDriver.h" />
		<Unit filename="Win8ScreenDriverImpl.cpp" />
		<Unit filename="Win8ScreenDriverImpl.h" />
		<Unit filename="WinAutoMapDxgiSurface.cpp" />
		<Unit filename="WinAutoMapDxgiSurface.h" />
		<Unit filename="WinCursorShapeUtils.cpp" />
		<Unit filename="WinCursorShapeUtils.h" />
		<Unit filename="WinCustomD3D11Texture2D.cpp" />
		<Unit filename="WinCustomD3D11Texture2D.h" />
		<Unit filename="WinD3D11Device.cpp" />
		<Unit filename="WinD3D11Device.h" />
		<Unit filename="WinD3D11Texture2D.cpp" />
		<Unit filename="WinD3D11Texture2D.h" />
		<Unit filename="WinDxCriticalException.cpp" />
		<Unit filename="WinDxCriticalException.h" />
		<Unit filename="WinDxException.cpp" />
		<Unit filename="WinDxException.h" />
		<Unit filename="WinDxRecoverableException.cpp" />
		<Unit filename="WinDxRecoverableException.h" />
		<Unit filename="WinDxgiAcquiredFrame.cpp" />
		<Unit filename="WinDxgiAcquiredFrame.h" />
		<Unit filename="WinDxgiAdapter.cpp" />
		<Unit filename="WinDxgiAdapter.h" />
		<Unit filename="WinDxgiDevice.cpp" />
		<Unit filename="WinDxgiDevice.h" />
		<Unit filename="WinDxgiOutput.cpp" />
		<Unit filename="WinDxgiOutput.h" />
		<Unit filename="WinDxgiOutput1.cpp" />
		<Unit filename="WinDxgiOutput1.h" />
		<Unit filename="WinDxgiOutputDuplication.cpp" />
		<Unit filename="WinDxgiOutputDuplication.h" />
		<Unit filename="WinDxgiSurface.cpp" />
		<Unit filename="WinDxgiSurface.h" />
		<Unit filename="WinServiceDesktopFactory.cpp" />
		<Unit filename="WinServiceDesktopFactory.h" />
		<Unit filename="WinVideoRegionFounderImpl.cpp" />
		<Unit filename="WinVideoRegionFounderImpl.h" />
		<Unit filename="WindowsClipboard.cpp" />
		<Unit filename="WindowsClipboard.h" />
		<Unit filename="WindowsCursorShapeGrabber.cpp" />
		<Unit filename="WindowsCursorShapeGrabber.h" />
		<Unit filename="WindowsInputBlocker.cpp" />
		<Unit filename="WindowsInputBlocker.h" />
		<Unit filename="WindowsScreenGrabber.cpp" />
		<Unit filename="WindowsScreenGrabber.h" />
		<Unit filename="WindowsUserInput.cpp" />
		<Unit filename="WindowsUserInput.h" />
		<Extensions>
			<lib_finder disable_auto="1" />
		</Extensions>
	</Project>
</CodeBlocks_project_file>
