<?xml version="1.0" encoding="UTF-8" standalone="yes" ?>
<CodeBlocks_project_file>
	<FileVersion major="1" minor="6" />
	<Project>
		<Option title="kvnc_client" />
		<Option pch_mode="2" />
		<Option compiler="gcc" />
		<Build>
			<Target title="Release_Win32">
				<Option output="$(WORKSPACEDIR)/out/bin/$(TARGET_NAME)/$(PROJECTNAME)" prefix_auto="1" extension_auto="1" />
				<Option object_output="$(WORKSPACEDIR)/out/obj/$(TARGET_NAME)/$(PROJECTNAME)" />
				<Option deps_output="../bin/Release_Win32/" />
				<Option type="0" />
				<Option compiler="gcc" />
				<Compiler>
					<Add option="-O2" />
					<Add option="-Wfatal-errors" />
					<Add option="-std=c++11" />
					<Add option="-m32" />
					<Add option="-DWIN32" />
					<Add option="-DNDEBUG" />
					<Add option="-D_WINDOWS" />
					<Add option="-Dkvnc_naming_defs_client" />
					<Add directory="$(WORKSPACEDIR)/!external/pjproject/lib_pj/include/" />
					<Add directory="$(WORKSPACEDIR)/!external/pjproject/lib_pjutil/include/" />
					<Add directory="$(WORKSPACEDIR)/!external/pjproject/lib_pjnath/include/" />
					<Add directory="$(WORKSPACEDIR)/!external/openssl/include/" />
				</Compiler>
				<Linker>
					<Add option="-s" />
					<Add option="-static-libstdc++" />
					<Add option="-static-libgcc" />
					<Add option="-static" />
					<Add option="-m32" />
					<Add library="$(OutDir)avilog.lib" />
					<Add library="$(SolutionDir)libjpeg-turbo/jpeg-static.lib" />
					<Add library="comctl32.lib" />
					<Add library="Secur32.lib" />
					<Add library="WinMM.Lib" />
					<Add library="$(SolutionDir)revel-1.1.0/lib/revel.lib" />
					<Add library="$(SolutionDir)pjlib/pjlib/lib/pjlib-i386-Win32-vc10-Release.lib" />
					<Add library="$(SolutionDir)pjlib/pjlib-util/lib/pjlib-util-i386-Win32-vc10-Release.lib" />
					<Add library="$(SolutionDir)pjlib/pjnath/lib/pjnath-i386-Win32-vc10-Release.lib" />
					<Add library="$(SolutionDir)OpenSSL/lib/VC/static/libeay32MT.lib" />
					<Add library="$(SolutionDir)OpenSSL/lib/VC/static/ssleay32MT.lib" />
					<Add library="$(SolutionDir)tvnviewer/lib/atls.lib" />
					<Add library="$(OutDir)usrsctplib.lib" />
					<Add library="kernel32.lib" />
					<Add library="user32.lib" />
					<Add library="gdi32.lib" />
					<Add library="winspool.lib" />
					<Add library="comdlg32.lib" />
					<Add library="advapi32.lib" />
					<Add library="shell32.lib" />
					<Add library="ole32.lib" />
					<Add library="oleaut32.lib" />
					<Add library="uuid.lib" />
					<Add library="odbc32.lib" />
					<Add library="odbccp32.lib" />
				</Linker>
			</Target>
		</Build>
		<Unit filename="AboutDialog.cpp" />
		<Unit filename="AboutDialog.h" />
		<Unit filename="AuthenticationDialog.cpp" />
		<Unit filename="AuthenticationDialog.h" />
		<Unit filename="AvilogThread.cpp" />
		<Unit filename="BuildTime.cpp" />
		<Unit filename="BuildTime.h" />
		<Unit filename="ClientChatDialog.cpp" />
		<Unit filename="ClientChatDialog.h" />
		<Unit filename="ClientCrashHook.cpp" />
		<Unit filename="ClientCrashHook.h" />
		<Unit filename="CommentDialog.cpp" />
		<Unit filename="CommentDialog.h" />
		<Unit filename="ConfigurationDialog.cpp" />
		<Unit filename="ConfigurationDialog.h" />
		<Unit filename="ConnectionData.cpp" />
		<Unit filename="ConnectionData.h" />
		<Unit filename="ConnectionListener.cpp" />
		<Unit filename="ConnectionListener.h" />
		<Unit filename="ControlTrayIcon.cpp" />
		<Unit filename="ControlTrayIcon.h" />
		<Unit filename="DesktopWindow.cpp" />
		<Unit filename="DesktopWindow.h" />
		<Unit filename="FileExistDialog.cpp" />
		<Unit filename="FileExistDialog.h" />
		<Unit filename="FileInfoListView.cpp" />
		<Unit filename="FileInfoListView.h" />
		<Unit filename="FileRenameDialog.cpp" />
		<Unit filename="FileRenameDialog.h" />
		<Unit filename="FileTransferMainDialog.cpp" />
		<Unit filename="FileTransferMainDialog.h" />
		<Unit filename="FsWarningDialog.cpp" />
		<Unit filename="FsWarningDialog.h" />
		<Unit filename="HelpDialog.cpp" />
		<Unit filename="HelpDialog.h" />
		<Unit filename="KeyMap.h" />
		<Unit filename="LoginDialog.cpp" />
		<Unit filename="LoginDialog.h" />
		<Unit filename="NamingDefs.cpp" />
		<Unit filename="NamingDefs.h" />
		<Unit filename="NewFolderDialog.cpp" />
		<Unit filename="NewFolderDialog.h" />
		<Unit filename="OptionsDialog.cpp" />
		<Unit filename="OptionsDialog.h" />
		<Unit filename="ReconnectWnd.cpp" />
		<Unit filename="ReconnectWnd.h" />
		<Unit filename="ResourceStrings.cpp" />
		<Unit filename="ResourceStrings.h" />
		<Unit filename="ScaleManager.cpp" />
		<Unit filename="ScaleManager.h" />
		<Unit filename="TvnViewer.cpp" />
		<Unit filename="TvnViewer.h" />
		<Unit filename="ViewerCmdLine.cpp" />
		<Unit filename="ViewerCmdLine.h" />
		<Unit filename="ViewerCollector.cpp" />
		<Unit filename="ViewerCollector.h" />
		<Unit filename="ViewerInstance.cpp" />
		<Unit filename="ViewerInstance.h" />
		<Unit filename="ViewerMenu.cpp" />
		<Unit filename="ViewerMenu.h" />
		<Unit filename="ViewerVncAuthHandler.cpp" />
		<Unit filename="ViewerVncAuthHandler.h" />
		<Unit filename="ViewerWindow.cpp" />
		<Unit filename="ViewerWindow.h" />
		<Unit filename="main.cpp">
			<Option weight="0" />
		</Unit>
		<Unit filename="res/appicon.ico" />
		<Unit filename="res/dot.cur" />
		<Unit filename="res/fileup.ico" />
		<Unit filename="res/ftdir.ico" />
		<Unit filename="res/ftfile.ico" />
		<Unit filename="res/idle.ico" />
		<Unit filename="res/konturvnc.png" />
		<Unit filename="res/konturvnc48.png" />
		<Unit filename="res/nocursor.cur" />
		<Unit filename="res/smalldot.cur" />
		<Unit filename="res/tightvnc.bmp" />
		<Unit filename="res/tightvnc48.bmp" />
		<Unit filename="res/toolbar.bmp" />
		<Unit filename="resource.h" />
		<Unit filename="tvnviewer.rc">
			<Option compilerVar="WINDRES" />
		</Unit>
		<Extensions>
			<lib_finder disable_auto="1" />
		</Extensions>
	</Project>
</CodeBlocks_project_file>
