<?xml version="1.0" encoding="UTF-8" standalone="yes" ?>
<CodeBlocks_project_file>
	<FileVersion major="1" minor="6" />
	<Project>
		<Option title="kvnc_client" />
		<Option pch_mode="2" />
		<Option compiler="gcc" />
		<Build>
			<Target title="Release_Win32">
				<Option output="$(WORKSPACEDIR)/out/bin/$(TARGET_NAME)/$(PROJECTNAME)" prefix_auto="1" extension_auto="1" />
				<Option object_output="$(WORKSPACEDIR)/out/obj/$(TARGET_NAME)/$(PROJECTNAME)" />
				<Option deps_output="../bin/Release_Win32/" />
				<Option type="0" />
				<Option compiler="gcc" />
				<Compiler>
					<Add option="-O2" />
					<Add option="-std=c++11" />
					<Add option="-m32" />
					<Add option="-DWIN32" />
					<Add option="-DNDEBUG" />
					<Add option="-D_WINDOWS" />
					<Add option="-Dkvnc_naming_defs_client" />
					<Add directory="$(WORKSPACEDIR)/!external/pjproject/lib_pj/include/" />
					<Add directory="$(WORKSPACEDIR)/!external/pjproject/lib_pjutil/include/" />
					<Add directory="$(WORKSPACEDIR)/!external/pjproject/lib_pjnath/include/" />
					<Add directory="$(WORKSPACEDIR)/!external/openssl/include/" />
				</Compiler>
				<Linker>
					<Add option="-s" />
					<Add option="-static-libstdc++" />
					<Add option="-static" />
					<Add option="-m32" />
					<Add option="-Wl,--start-group" />
					<Add option="-lkvnc_util" />
					<Add option="-lkvnc_client_config" />
					<Add option="-lkvnc_log_writer" />
					<Add option="-lkvnc_win_system" />
					<Add option="-lkvnc_client_core" />
					<Add option="-lkvnc_rfb" />
					<Add option="-lkvnc_gui" />
					<Add option="-lkvnc_thread" />
					<Add option="-lkvnc_config" />
					<Add option="-lkvnc_file" />
					<Add option="-lkvnc_network" />
					<Add option="-lkvnc_ft" />
					<Add option="-lkvnc_client_ft" />
					<Add option="-lkvnc_p2p" />
					<Add option="-lkvnc_io" />
					<Add option="-lkvnc_region" />
					<Add option="-l_pj" />
					<Add option="-l_pjutil" />
					<Add option="-l_pjnath" />
					<Add option="-lstdc++" />
					<Add option="-Wl,--end-group" />
					<Add library="lib_avilog" />
					<Add library="lib_jpegturbo" />
					<Add library="comctl32" />
					<Add library="Secur32" />
					<Add library="WinMM" />
					<Add library="lib_revel" />
					<Add library="ssl" />
					<Add library="crypto" />
					<Add library="lib_usrsctp" />
					<Add library="kernel32" />
					<Add library="user32" />
					<Add library="gdi32" />
					<Add library="winspool" />
					<Add library="comdlg32" />
					<Add library="advapi32" />
					<Add library="shell32" />
					<Add library="ole32" />
					<Add library="oleaut32" />
					<Add library="uuid" />
					<Add library="odbc32" />
					<Add library="odbccp32" />
					<Add library="psapi" />
					<Add library="version" />
					<Add library="ws2_32" />
					<Add library="wtsapi32" />
					<Add library="lib_zlib" />
					<Add library="gdiplus" />
					<Add library="rpcrt4" />
					<Add library="msvfw32" />
					<Add library="vfw32" />
					<Add library="iphlpapi" />
					<Add directory="$(TARGET_OUTPUT_DIR)" />
					<Add directory="$(WORKSPACEDIR)/!external/openssl/lib" />
					<LinkerExe value="CppCompiler" />
				</Linker>
			</Target>
		</Build>
		<Unit filename="AboutDialog.cpp" />
		<Unit filename="AboutDialog.h" />
		<Unit filename="AuthenticationDialog.cpp" />
		<Unit filename="AuthenticationDialog.h" />
		<Unit filename="AvilogThread.cpp" />
		<Unit filename="BuildTime.cpp" />
		<Unit filename="BuildTime.h" />
		<Unit filename="ClientChatDialog.cpp" />
		<Unit filename="ClientChatDialog.h" />
		<Unit filename="ClientCrashHook.cpp" />
		<Unit filename="ClientCrashHook.h" />
		<Unit filename="CommentDialog.cpp" />
		<Unit filename="CommentDialog.h" />
		<Unit filename="ConfigurationDialog.cpp" />
		<Unit filename="ConfigurationDialog.h" />
		<Unit filename="ConnectionData.cpp" />
		<Unit filename="ConnectionData.h" />
		<Unit filename="ConnectionListener.cpp" />
		<Unit filename="ConnectionListener.h" />
		<Unit filename="ControlTrayIcon.cpp" />
		<Unit filename="ControlTrayIcon.h" />
		<Unit filename="DesktopWindow.cpp" />
		<Unit filename="DesktopWindow.h" />
		<Unit filename="FileExistDialog.cpp" />
		<Unit filename="FileExistDialog.h" />
		<Unit filename="FileInfoListView.cpp" />
		<Unit filename="FileInfoListView.h" />
		<Unit filename="FileRenameDialog.cpp" />
		<Unit filename="FileRenameDialog.h" />
		<Unit filename="FileTransferMainDialog.cpp" />
		<Unit filename="FileTransferMainDialog.h" />
		<Unit filename="FsWarningDialog.cpp" />
		<Unit filename="FsWarningDialog.h" />
		<Unit filename="HelpDialog.cpp" />
		<Unit filename="HelpDialog.h" />
		<Unit filename="KeyMap.h" />
		<Unit filename="LoginDialog.cpp" />
		<Unit filename="LoginDialog.h" />
		<Unit filename="NamingDefs.cpp" />
		<Unit filename="NamingDefs.h" />
		<Unit filename="NewFolderDialog.cpp" />
		<Unit filename="NewFolderDialog.h" />
		<Unit filename="OptionsDialog.cpp" />
		<Unit filename="OptionsDialog.h" />
		<Unit filename="ReconnectWnd.cpp" />
		<Unit filename="ReconnectWnd.h" />
		<Unit filename="ResourceStrings.cpp" />
		<Unit filename="ResourceStrings.h" />
		<Unit filename="ScaleManager.cpp" />
		<Unit filename="ScaleManager.h" />
		<Unit filename="TvnViewer.cpp" />
		<Unit filename="TvnViewer.h" />
		<Unit filename="ViewerCmdLine.cpp" />
		<Unit filename="ViewerCmdLine.h" />
		<Unit filename="ViewerCollector.cpp" />
		<Unit filename="ViewerCollector.h" />
		<Unit filename="ViewerInstance.cpp" />
		<Unit filename="ViewerInstance.h" />
		<Unit filename="ViewerMenu.cpp" />
		<Unit filename="ViewerMenu.h" />
		<Unit filename="ViewerVncAuthHandler.cpp" />
		<Unit filename="ViewerVncAuthHandler.h" />
		<Unit filename="ViewerWindow.cpp" />
		<Unit filename="ViewerWindow.h" />
		<Unit filename="main.cpp">
			<Option weight="0" />
		</Unit>
		<Unit filename="res/appicon.ico" />
		<Unit filename="res/dot.cur" />
		<Unit filename="res/fileup.ico" />
		<Unit filename="res/ftdir.ico" />
		<Unit filename="res/ftfile.ico" />
		<Unit filename="res/idle.ico" />
		<Unit filename="res/konturvnc.png" />
		<Unit filename="res/konturvnc48.png" />
		<Unit filename="res/nocursor.cur" />
		<Unit filename="res/smalldot.cur" />
		<Unit filename="res/tightvnc.bmp" />
		<Unit filename="res/tightvnc48.bmp" />
		<Unit filename="res/toolbar.bmp" />
		<Unit filename="resource.h" />
		<Unit filename="tvnviewer.rc">
			<Option compilerVar="WINDRES" />
		</Unit>
		<Extensions>
			<lib_finder disable_auto="1" />
		</Extensions>
	</Project>
</CodeBlocks_project_file>
