<?xml version="1.0" encoding="UTF-8" standalone="yes" ?>
<CodeBlocks_project_file>
	<FileVersion major="1" minor="6" />
	<Project>
		<Option title="rfb" />
		<Option pch_mode="2" />
		<Option compiler="gcc" />
		<Build>
			<Target title="Debug Win32">
				<Option output="../bin/Debug_Win32/rfb" prefix_auto="1" extension_auto="1" />
				<Option working_dir="" />
				<Option object_output="../obj/Debug_Win32/rfb/" />
				<Option deps_output="../bin/Debug_Win32/" />
				<Option type="2" />
				<Option compiler="gcc" />
				<Option createDefFile="1" />
				<Compiler>
					<Add option="-g" />
					<Add option="-DWIN32" />
					<Add option="-D_DEBUG" />
					<Add option="-D_LIB" />
					<Add option="-O0" />
					<Add option="-Wall" />
					<Add option="-Wextra" />
					<Add directory="../" />
				</Compiler>
			</Target>
			<Target title="DebugNoUnicode x64">
				<Option output="../bin/DebugNoUnicode_x64/rfb" prefix_auto="1" extension_auto="1" />
				<Option working_dir="" />
				<Option object_output="../obj/DebugNoUnicode_x64/rfb/" />
				<Option deps_output="../bin/DebugNoUnicode_x64/" />
				<Option type="2" />
				<Option compiler="gcc" />
				<Option createDefFile="1" />
				<Compiler>
					<Add option="-DWIN32" />
					<Add option="-D_DEBUG" />
					<Add option="-D_LIB" />
					<Add option="-O0" />
					<Add option="-Wall" />
					<Add directory="../" />
				</Compiler>
			</Target>
			<Target title="DebugNoUnicode Win32">
				<Option output="../bin/DebugNoUnicode_Win32/rfb" prefix_auto="1" extension_auto="1" />
				<Option working_dir="" />
				<Option object_output="../obj/DebugNoUnicode_Win32/rfb/" />
				<Option deps_output="../bin/DebugNoUnicode_Win32/" />
				<Option type="2" />
				<Option compiler="gcc" />
				<Option createDefFile="1" />
				<Compiler>
					<Add option="-DWIN32" />
					<Add option="-D_DEBUG" />
					<Add option="-D_LIB" />
					<Add option="-O0" />
					<Add option="-Wall" />
					<Add option="-Wextra" />
					<Add directory="../" />
				</Compiler>
			</Target>
			<Target title="ReleaseNoUnicode x64">
				<Option output="../bin/ReleaseNoUnicode_x64/rfb" prefix_auto="1" extension_auto="1" />
				<Option working_dir="" />
				<Option object_output="../obj/ReleaseNoUnicode_x64/rfb/" />
				<Option deps_output="../bin/ReleaseNoUnicode_x64/" />
				<Option type="2" />
				<Option compiler="gcc" />
				<Option createDefFile="1" />
				<Compiler>
					<Add option="-DWIN32" />
					<Add option="-DNDEBUG" />
					<Add option="-D_LIB" />
					<Add option="-O1" />
					<Add option="-Wall" />
					<Add directory="../" />
				</Compiler>
				<Linker>
					<Add option="-s" />
				</Linker>
			</Target>
			<Target title="Debug x64">
				<Option output="../bin/Debug_x64/rfb" prefix_auto="1" extension_auto="1" />
				<Option working_dir="" />
				<Option object_output="../obj/Debug_x64/rfb/" />
				<Option deps_output="../bin/Debug_x64/" />
				<Option type="2" />
				<Option compiler="gcc" />
				<Option createDefFile="1" />
				<Compiler>
					<Add option="-g" />
					<Add option="-DWIN32" />
					<Add option="-D_DEBUG" />
					<Add option="-D_LIB" />
					<Add option="-O0" />
					<Add option="-Wall" />
					<Add option="-Wextra" />
					<Add directory="../" />
				</Compiler>
			</Target>
			<Target title="Release x64">
				<Option output="../bin/Release_x64/rfb" prefix_auto="1" extension_auto="1" />
				<Option working_dir="" />
				<Option object_output="../obj/Release_x64/rfb/" />
				<Option deps_output="../bin/Release_x64/" />
				<Option type="2" />
				<Option compiler="gcc" />
				<Option createDefFile="1" />
				<Compiler>
					<Add option="-DWIN32" />
					<Add option="-DNDEBUG" />
					<Add option="-D_LIB" />
					<Add option="-O1" />
					<Add option="-Wall" />
					<Add option="-Wextra" />
					<Add directory="../" />
				</Compiler>
				<Linker>
					<Add option="-s" />
				</Linker>
			</Target>
			<Target title="ReleaseNoUnicode Win32">
				<Option output="../bin/ReleaseNoUnicode_Win32/rfb" prefix_auto="1" extension_auto="1" />
				<Option working_dir="" />
				<Option object_output="../obj/ReleaseNoUnicode_Win32/rfb/" />
				<Option deps_output="../bin/ReleaseNoUnicode_Win32/" />
				<Option type="2" />
				<Option compiler="gcc" />
				<Option createDefFile="1" />
				<Compiler>
					<Add option="-DWIN32" />
					<Add option="-DNDEBUG" />
					<Add option="-D_LIB" />
					<Add option="-O1" />
					<Add option="-Wall" />
					<Add option="-Wextra" />
					<Add directory="../" />
				</Compiler>
				<Linker>
					<Add option="-s" />
				</Linker>
			</Target>
			<Target title="Release Win32">
				<Option output="$(WORKSPACE_DIRECTORY)/out/bin/Release_Win32/rfb" prefix_auto="1" extension_auto="1" />
				<Option working_dir="" />
				<Option object_output="$(WORKSPACE_DIRECTORY)/out/obj/Release_Win32/rfb/" />
				<Option deps_output="../bin/Release_Win32/" />
				<Option type="2" />
				<Option compiler="gcc" />
				<Option createDefFile="1" />
				<Compiler>
					<Add option="-O2" />
					<Add option="-Wfatal-errors" />
					<Add option="-Wextra" />
					<Add option="-Wall" />
					<Add option="-std=c++11" />
					<Add option="-DWIN32" />
					<Add option="-DNDEBUG" />
					<Add option="-D_LIB" />
					<Add directory="../" />
				</Compiler>
				<Linker>
					<Add option="-s" />
				</Linker>
			</Target>
		</Build>
		<Unit filename="AuthDefs.cpp" />
		<Unit filename="AuthDefs.h" />
		<Unit filename="CursorShape.cpp" />
		<Unit filename="CursorShape.h" />
		<Unit filename="EncodingDefs.cpp" />
		<Unit filename="EncodingDefs.h" />
		<Unit filename="FrameBuffer.cpp" />
		<Unit filename="FrameBuffer.h" />
		<Unit filename="HostPath.cpp" />
		<Unit filename="HostPath.h" />
		<Unit filename="MsgDefs.cpp" />
		<Unit filename="MsgDefs.h" />
		<Unit filename="PixelConverter.cpp" />
		<Unit filename="PixelConverter.h" />
		<Unit filename="PixelFormat.cpp" />
		<Unit filename="PixelFormat.h" />
		<Unit filename="RfbKeySym.cpp" />
		<Unit filename="RfbKeySym.h" />
		<Unit filename="RfbKeySymListener.h" />
		<Unit filename="StandardPixelFormatFactory.cpp" />
		<Unit filename="StandardPixelFormatFactory.h" />
		<Unit filename="TunnelDefs.cpp" />
		<Unit filename="TunnelDefs.h" />
		<Unit filename="VendorDefs.cpp" />
		<Unit filename="VendorDefs.h" />
		<Unit filename="keysymdef.h" />
		<Extensions />
	</Project>
</CodeBlocks_project_file>
