<?xml version="1.0" encoding="UTF-8" standalone="yes" ?>
<CodeBlocks_project_file>
	<FileVersion major="1" minor="6" />
	<Project>
		<Option title="libkvnc_server_gui" />
		<Option pch_mode="2" />
		<Option compiler="gcc" />
		<Build>
			<Target title="Debug_Win32">
				<Option output="$(WORKSPACEDIR)/out/bin/$(TARGET_NAME)/$(PROJECTNAME)" prefix_auto="0" extension_auto="1" />
				<Option working_dir="" />
				<Option object_output="$(WORKSPACEDIR)/out/obj/$(TARGET_NAME)/$(PROJECTNAME)" />
				<Option deps_output="../bin/Release_Win32/" />
				<Option type="2" />
				<Option compiler="gcc" />
				<Option createDefFile="1" />
				<Compiler>
					<Add option="-Wfatal-errors" />
					<Add option="-Wextra" />
					<Add option="-Wall" />
					<Add option="-std=c++11" />
					<Add option="-g" />
					<Add option="-DWIN32" />
					<Add option="-DNDEBUG" />
					<Add option="-D_LIB" />
					<Add directory="$(WORKSPACEDIR)/!external/pjproject/lib_pj/include" />
					<Add directory="$(WORKSPACEDIR)/!external/pjproject/lib_pjutil/include" />
					<Add directory="$(WORKSPACEDIR)/!external/pjproject/lib_pjnath/include" />
					<Add directory="$(WORKSPACEDIR)/!external/openssl/include" />
				</Compiler>
			</Target>
			<Target title="Release_Win32">
				<Option output="$(WORKSPACEDIR)/out/bin/$(TARGET_NAME)/$(PROJECTNAME)" prefix_auto="0" extension_auto="1" />
				<Option working_dir="" />
				<Option object_output="$(WORKSPACEDIR)/out/obj/$(TARGET_NAME)/$(PROJECTNAME)" />
				<Option deps_output="../bin/Release_Win32/" />
				<Option type="2" />
				<Option compiler="gcc" />
				<Option createDefFile="1" />
				<Compiler>
					<Add option="-O2" />
					<Add option="-Wfatal-errors" />
					<Add option="-Wextra" />
					<Add option="-Wall" />
					<Add option="-std=c++11" />
					<Add option="-DWIN32" />
					<Add option="-DNDEBUG" />
					<Add option="-D_LIB" />
					<Add directory="$(WORKSPACEDIR)/!external/pjproject/lib_pj/include" />
					<Add directory="$(WORKSPACEDIR)/!external/pjproject/lib_pjutil/include" />
					<Add directory="$(WORKSPACEDIR)/!external/pjproject/lib_pjnath/include" />
					<Add directory="$(WORKSPACEDIR)/!external/openssl/include" />
				</Compiler>
				<Linker>
					<Add option="-s" />
				</Linker>
			</Target>
		</Build>
		<Unit filename="AboutDialog.cpp" />
		<Unit filename="AboutDialog.h" />
		<Unit filename="ConnectCommand.cpp" />
		<Unit filename="ConnectCommand.h" />
		<Unit filename="ConnectStringParser.cpp" />
		<Unit filename="ConnectStringParser.h" />
		<Unit filename="ControlApplication.cpp" />
		<Unit filename="ControlApplication.h" />
		<Unit filename="ControlAuth.cpp" />
		<Unit filename="ControlAuth.h" />
		<Unit filename="ControlAuthDialog.cpp" />
		<Unit filename="ControlAuthDialog.h" />
		<Unit filename="ControlAuthException.cpp" />
		<Unit filename="ControlAuthException.h" />
		<Unit filename="ControlCommand.cpp" />
		<Unit filename="ControlCommand.h" />
		<Unit filename="ControlCommandLine.cpp" />
		<Unit filename="ControlCommandLine.h" />
		<Unit filename="ControlGate.cpp" />
		<Unit filename="ControlGate.h" />
		<Unit filename="ControlMessage.cpp" />
		<Unit filename="ControlMessage.h" />
		<Unit filename="ControlPipeName.cpp" />
		<Unit filename="ControlPipeName.h" />
		<Unit filename="ControlProto.h" />
		<Unit filename="ControlProxy.cpp" />
		<Unit filename="ControlProxy.h" />
		<Unit filename="ControlTrayIcon.cpp" />
		<Unit filename="ControlTrayIcon.h" />
		<Unit filename="DisconnectAllCommand.cpp" />
		<Unit filename="DisconnectAllCommand.h" />
		<Unit filename="MakeRfbConnectionCommand.cpp" />
		<Unit filename="MakeRfbConnectionCommand.h" />
		<Unit filename="MakeTcpDispatcherConnCommand.cpp" />
		<Unit filename="MakeTcpDispatcherConnCommand.h" />
		<Unit filename="NamedPipeTransport.cpp" />
		<Unit filename="NamedPipeTransport.h" />
		<Unit filename="Notificator.cpp" />
		<Unit filename="Notificator.h" />
		<Unit filename="OutgoingConnectionDialog.cpp" />
		<Unit filename="OutgoingConnectionDialog.h" />
		<Unit filename="ReloadConfigCommand.cpp" />
		<Unit filename="ReloadConfigCommand.h" />
		<Unit filename="RemoteException.cpp" />
		<Unit filename="RemoteException.h" />
		<Unit filename="RfbClientInfo.cpp" />
		<Unit filename="RfbClientInfo.h" />
		<Unit filename="SetPasswordsDialog.cpp" />
		<Unit filename="SetPasswordsDialog.h" />
		<Unit filename="ShareAppCommand.cpp" />
		<Unit filename="ShareAppCommand.h" />
		<Unit filename="ShareDisplayCommand.cpp" />
		<Unit filename="ShareDisplayCommand.h" />
		<Unit filename="ShareFullCommand.cpp" />
		<Unit filename="ShareFullCommand.h" />
		<Unit filename="SharePrimaryCommand.cpp" />
		<Unit filename="SharePrimaryCommand.h" />
		<Unit filename="ShareRectCommand.cpp" />
		<Unit filename="ShareRectCommand.h" />
		<Unit filename="ShareWindowCommand.cpp" />
		<Unit filename="ShareWindowCommand.h" />
		<Unit filename="ShutdownCommand.cpp" />
		<Unit filename="ShutdownCommand.h" />
		<Unit filename="SocketIPv4Transport.cpp" />
		<Unit filename="SocketIPv4Transport.h" />
		<Unit filename="TcpDispatcherConnectionDialog.cpp" />
		<Unit filename="TcpDispatcherConnectionDialog.h" />
		<Unit filename="Transport.cpp" />
		<Unit filename="Transport.h" />
		<Unit filename="TransportFactory.cpp" />
		<Unit filename="TransportFactory.h" />
		<Unit filename="TrayDialog.cpp" />
		<Unit filename="TrayDialog.h" />
		<Unit filename="TvnServerInfo.h" />
		<Unit filename="UpdateLocalConfigCommand.cpp" />
		<Unit filename="UpdateLocalConfigCommand.h" />
		<Unit filename="UpdateRemoteConfigCommand.cpp" />
		<Unit filename="UpdateRemoteConfigCommand.h" />
		<Extensions>
			<lib_finder disable_auto="1" />
		</Extensions>
	</Project>
</CodeBlocks_project_file>
