<?xml version="1.0" encoding="UTF-8" standalone="yes" ?>
<CodeBlocks_project_file>
	<FileVersion major="1" minor="6" />
	<Project>
		<Option title="libkvnc_io" />
		<Option pch_mode="2" />
		<Option compiler="gcc" />
		<Build>
			<Target title="Release_Win32">
				<Option output="$(WORKSPACEDIR)/out/bin/$(TARGET_NAME)/$(PROJECTNAME)" prefix_auto="0" extension_auto="1" />
				<Option working_dir="" />
				<Option object_output="$(WORKSPACEDIR)/out/obj/$(TARGET_NAME)/$(PROJECTNAME)" />
				<Option deps_output="../bin/Release_Win32/" />
				<Option type="2" />
				<Option compiler="gcc" />
				<Option createDefFile="1" />
				<Compiler>
					<Add option="-O2" />
					<Add option="-Wfatal-errors" />
					<Add option="-Wextra" />
					<Add option="-Wall" />
					<Add option="-std=c++11" />
					<Add option="-DWIN32" />
					<Add option="-DNDEBUG" />
					<Add option="-D_LIB" />
					<Add directory="./" />
				</Compiler>
				<Linker>
					<Add option="-s" />
				</Linker>
			</Target>
		</Build>
		<Unit filename="BufferedOutputStream.cpp" />
		<Unit filename="BufferedOutputStream.h" />
		<Unit filename="ByteArrayInputStream.cpp" />
		<Unit filename="ByteArrayInputStream.h" />
		<Unit filename="ByteArrayOutputStream.cpp" />
		<Unit filename="ByteArrayOutputStream.h" />
		<Unit filename="Channel.cpp" />
		<Unit filename="Channel.h" />
		<Unit filename="DataInputStream.cpp" />
		<Unit filename="DataInputStream.h" />
		<Unit filename="DataOutputStream.cpp" />
		<Unit filename="DataOutputStream.h" />
		<Unit filename="IOException.cpp" />
		<Unit filename="IOException.h" />
		<Unit filename="InputStream.cpp" />
		<Unit filename="InputStream.h" />
		<Unit filename="OutputStream.cpp" />
		<Unit filename="OutputStream.h" />
		<Extensions>
			<lib_finder disable_auto="1" />
		</Extensions>
	</Project>
</CodeBlocks_project_file>
