<?xml version="1.0" encoding="UTF-8" standalone="yes" ?>
<CodeBlocks_project_file>
	<FileVersion major="1" minor="6" />
	<Project>
		<Option title="ztest" />
		<Option pch_mode="2" />
		<Option compiler="gcc" />
		<Build>
			<Target title="Release_Win32">
				<Option output="$(WORKSPACEDIR)/out/bin/$(TARGET_NAME)/$(PROJECTNAME)" prefix_auto="0" extension_auto="1" />
				<Option object_output="$(WORKSPACEDIR)/out/obj/$(TARGET_NAME)/$(PROJECTNAME)" />
				<Option type="0" />
				<Option compiler="gcc" />
				<Compiler>
					<Add option="-O2" />
					<Add option="-Wfatal-errors" />
					<Add option="-std=c++11" />
					<Add option="-m32" />
					<Add option="-DWIN32" />
				</Compiler>
				<Linker>
					<Add option="-s" />
					<Add option="-static-libstdc++" />
					<Add option="-static-libgcc" />
					<Add option="-static" />
					<Add option="-m32" />
					<Add option="-Wl,--start-group" />
					<Add option="-lkvnc_server_gui_config" />
					<Add option="-lkvnc_network" />
					<Add option="-lkvnc_server_config" />
					<Add option="-lkvnc_thread" />
					<Add option="-lkvnc_gui" />
					<Add option="-lkvnc_util" />
					<Add option="-lkvnc_region" />
					<Add option="-lkvnc_io" />
					<Add option="-lkvnc_file" />
					<Add option="-lkvnc_server_log" />
					<Add option="-lkvnc_desktop_ipc" />
					<Add option="-lkvnc_desktop" />
					<Add option="-lkvnc_win_event_log" />
					<Add option="-lkvnc_http_srv" />
					<Add option="-lkvnc_server_rfb_update_sender" />
					<Add option="-lkvnc_server_rfb" />
					<Add option="-lkvnc_rfb" />
					<Add option="-lkvnc_tcp_dispatcher" />
					<Add option="-lkvnc_ft" />
					<Add option="-lkvnc_server_ft" />
					<Add option="-lkvnc_server_app" />
					<Add option="-lkvnc_win_system" />
					<Add option="-lkvnc_config" />
					<Add option="-lkvnc_log_writer" />
					<Add option="-lkvnc_p2p" />
					<Add option="-lkvnc_server_gui" />
					<Add option="-Wl,--end-group" />
					<Add directory="$(TARGET_OUTPUT_DIR)" />
					<LinkerExe value="CppCompiler" />
				</Linker>
			</Target>
		</Build>
		<Compiler>
			<Add option="-Wall" />
			<Add option="-fexceptions" />
		</Compiler>
		<Unit filename="ztest.cpp" />
		<Extensions>
			<lib_finder disable_auto="1" />
		</Extensions>
	</Project>
</CodeBlocks_project_file>
