<?xml version="1.0" encoding="UTF-8" standalone="yes" ?>
<CodeBlocks_project_file>
	<FileVersion major="1" minor="6" />
	<Project>
		<Option title="wscontrollib" />
		<Option pch_mode="2" />
		<Option compiler="gcc" />
		<Build>
			<Target title="Debug Win32">
				<Option output="../bin/Debug_Win32/wscontrollib" prefix_auto="1" extension_auto="1" />
				<Option working_dir="" />
				<Option object_output="../obj/Debug_Win32/wscontrollib/" />
				<Option deps_output="../bin/Debug_Win32/" />
				<Option type="2" />
				<Option compiler="gcc" />
				<Option createDefFile="1" />
				<Compiler>
					<Add option="-g" />
					<Add option="-DWIN32" />
					<Add option="-D_DEBUG" />
					<Add option="-D_LIB" />
					<Add option="-O0" />
					<Add option="-Wall" />
					<Add option="-Wextra" />
					<Add directory="./" />
					<Add directory="../" />
					<Add directory="../pjlib/pjlib/include/" />
					<Add directory="../pjlib/pjlib-util/include/" />
					<Add directory="../pjlib/pjnath/include/" />
					<Add directory="../openssl/include/" />
					<Add directory="../usrsctplib/" />
				</Compiler>
			</Target>
			<Target title="DebugNoUnicode x64">
				<Option output="../bin/DebugNoUnicode_x64/wscontrollib" prefix_auto="1" extension_auto="1" />
				<Option working_dir="" />
				<Option object_output="../obj/DebugNoUnicode_x64/wscontrollib/" />
				<Option deps_output="../bin/DebugNoUnicode_x64/" />
				<Option type="2" />
				<Option compiler="gcc" />
				<Option createDefFile="1" />
				<Compiler>
					<Add option="-DWIN32" />
					<Add option="-D_DEBUG" />
					<Add option="-D_LIB" />
					<Add option="-O0" />
					<Add option="-Wall" />
					<Add directory="./" />
					<Add directory="../" />
				</Compiler>
			</Target>
			<Target title="DebugNoUnicode Win32">
				<Option output="../bin/DebugNoUnicode_Win32/wscontrollib" prefix_auto="1" extension_auto="1" />
				<Option working_dir="" />
				<Option object_output="../obj/DebugNoUnicode_Win32/wscontrollib/" />
				<Option deps_output="../bin/DebugNoUnicode_Win32/" />
				<Option type="2" />
				<Option compiler="gcc" />
				<Option createDefFile="1" />
				<Compiler>
					<Add option="-DWIN32" />
					<Add option="-D_DEBUG" />
					<Add option="-D_LIB" />
					<Add option="-O0" />
					<Add option="-Wall" />
					<Add option="-Wextra" />
					<Add directory="./" />
					<Add directory="../" />
				</Compiler>
			</Target>
			<Target title="ReleaseNoUnicode x64">
				<Option output="../bin/ReleaseNoUnicode_x64/wscontrollib" prefix_auto="1" extension_auto="1" />
				<Option working_dir="" />
				<Option object_output="../obj/ReleaseNoUnicode_x64/wscontrollib/" />
				<Option deps_output="../bin/ReleaseNoUnicode_x64/" />
				<Option type="2" />
				<Option compiler="gcc" />
				<Option createDefFile="1" />
				<Compiler>
					<Add option="-DWIN32" />
					<Add option="-DNDEBUG" />
					<Add option="-D_LIB" />
					<Add option="-O1" />
					<Add option="-Wall" />
					<Add directory="./" />
					<Add directory="../" />
				</Compiler>
				<Linker>
					<Add option="-s" />
				</Linker>
			</Target>
			<Target title="Debug x64">
				<Option output="../bin/Debug_x64/wscontrollib" prefix_auto="1" extension_auto="1" />
				<Option working_dir="" />
				<Option object_output="../obj/Debug_x64/wscontrollib/" />
				<Option deps_output="../bin/Debug_x64/" />
				<Option type="2" />
				<Option compiler="gcc" />
				<Option createDefFile="1" />
				<Compiler>
					<Add option="-g" />
					<Add option="-DWIN32" />
					<Add option="-D_DEBUG" />
					<Add option="-D_LIB" />
					<Add option="-O0" />
					<Add option="-Wall" />
					<Add option="-Wextra" />
					<Add directory="./" />
					<Add directory="../" />
				</Compiler>
			</Target>
			<Target title="Release x64">
				<Option output="../bin/Release_x64/wscontrollib" prefix_auto="1" extension_auto="1" />
				<Option working_dir="" />
				<Option object_output="../obj/Release_x64/wscontrollib/" />
				<Option deps_output="../bin/Release_x64/" />
				<Option type="2" />
				<Option compiler="gcc" />
				<Option createDefFile="1" />
				<Compiler>
					<Add option="-DWIN32" />
					<Add option="-DNDEBUG" />
					<Add option="-D_LIB" />
					<Add option="-DWIN64" />
					<Add option="-DPJ_WIN64=1" />
					<Add option="-DPJ_M_X86_64=1" />
					<Add option="-O1" />
					<Add option="-Wall" />
					<Add option="-Wextra" />
					<Add directory="./" />
					<Add directory="../" />
					<Add directory="../pjlib/pjlib/include/" />
					<Add directory="../pjlib/pjlib-util/include/" />
					<Add directory="../pjlib/pjnath/include/" />
					<Add directory="../openssl/include/" />
					<Add directory="../usrsctplib/" />
				</Compiler>
				<Linker>
					<Add option="-s" />
				</Linker>
			</Target>
			<Target title="ReleaseNoUnicode Win32">
				<Option output="../bin/ReleaseNoUnicode_Win32/wscontrollib" prefix_auto="1" extension_auto="1" />
				<Option working_dir="" />
				<Option object_output="../obj/ReleaseNoUnicode_Win32/wscontrollib/" />
				<Option deps_output="../bin/ReleaseNoUnicode_Win32/" />
				<Option type="2" />
				<Option compiler="gcc" />
				<Option createDefFile="1" />
				<Compiler>
					<Add option="-DWIN32" />
					<Add option="-DNDEBUG" />
					<Add option="-D_LIB" />
					<Add option="-O1" />
					<Add option="-Wall" />
					<Add option="-Wextra" />
					<Add directory="./" />
					<Add directory="../" />
				</Compiler>
				<Linker>
					<Add option="-s" />
				</Linker>
			</Target>
			<Target title="Release Win32">
				<Option output="../bin/Release_Win32/wscontrollib" prefix_auto="1" extension_auto="1" />
				<Option working_dir="" />
				<Option object_output="../obj/Release_Win32/wscontrollib/" />
				<Option deps_output="../bin/Release_Win32/" />
				<Option type="2" />
				<Option compiler="gcc" />
				<Option createDefFile="1" />
				<Compiler>
					<Add option="-O2" />
					<Add option="-Wfatal-errors" />
					<Add option="-Wextra" />
					<Add option="-Wall" />
					<Add option="-std=c++98" />
					<Add option="-DWIN32" />
					<Add option="-DNDEBUG" />
					<Add option="-D_LIB" />
					<Add directory="./" />
					<Add directory="../" />
					<Add directory="../pjlib/pjlib/include/" />
					<Add directory="../pjlib/pjlib-util/include/" />
					<Add directory="../pjlib/pjnath/include/" />
					<Add directory="../openssl/include/" />
					<Add directory="../usrsctplib/" />
				</Compiler>
				<Linker>
					<Add option="-s" />
				</Linker>
			</Target>
		</Build>
		<Unit filename="AboutDialog.cpp" />
		<Unit filename="AboutDialog.h" />
		<Unit filename="ConnectCommand.cpp" />
		<Unit filename="ConnectCommand.h" />
		<Unit filename="ConnectStringParser.cpp" />
		<Unit filename="ConnectStringParser.h" />
		<Unit filename="ControlApplication.cpp" />
		<Unit filename="ControlApplication.h" />
		<Unit filename="ControlAuth.cpp" />
		<Unit filename="ControlAuth.h" />
		<Unit filename="ControlAuthDialog.cpp" />
		<Unit filename="ControlAuthDialog.h" />
		<Unit filename="ControlAuthException.cpp" />
		<Unit filename="ControlAuthException.h" />
		<Unit filename="ControlCommand.cpp" />
		<Unit filename="ControlCommand.h" />
		<Unit filename="ControlCommandLine.cpp" />
		<Unit filename="ControlCommandLine.h" />
		<Unit filename="ControlGate.cpp" />
		<Unit filename="ControlGate.h" />
		<Unit filename="ControlMessage.cpp" />
		<Unit filename="ControlMessage.h" />
		<Unit filename="ControlPipeName.cpp" />
		<Unit filename="ControlPipeName.h" />
		<Unit filename="ControlProto.h" />
		<Unit filename="ControlProxy.cpp" />
		<Unit filename="ControlProxy.h" />
		<Unit filename="ControlTrayIcon.cpp" />
		<Unit filename="ControlTrayIcon.h" />
		<Unit filename="DisconnectAllCommand.cpp" />
		<Unit filename="DisconnectAllCommand.h" />
		<Unit filename="MakeRfbConnectionCommand.cpp" />
		<Unit filename="MakeRfbConnectionCommand.h" />
		<Unit filename="MakeTcpDispatcherConnCommand.cpp" />
		<Unit filename="MakeTcpDispatcherConnCommand.h" />
		<Unit filename="NamedPipeTransport.cpp" />
		<Unit filename="NamedPipeTransport.h" />
		<Unit filename="Notificator.cpp" />
		<Unit filename="Notificator.h" />
		<Unit filename="OutgoingConnectionDialog.cpp" />
		<Unit filename="OutgoingConnectionDialog.h" />
		<Unit filename="ReloadConfigCommand.cpp" />
		<Unit filename="ReloadConfigCommand.h" />
		<Unit filename="RemoteException.cpp" />
		<Unit filename="RemoteException.h" />
		<Unit filename="RfbClientInfo.cpp" />
		<Unit filename="RfbClientInfo.h" />
		<Unit filename="SetPasswordsDialog.cpp" />
		<Unit filename="SetPasswordsDialog.h" />
		<Unit filename="ShareAppCommand.cpp" />
		<Unit filename="ShareAppCommand.h" />
		<Unit filename="ShareDisplayCommand.cpp" />
		<Unit filename="ShareDisplayCommand.h" />
		<Unit filename="ShareFullCommand.cpp" />
		<Unit filename="ShareFullCommand.h" />
		<Unit filename="SharePrimaryCommand.cpp" />
		<Unit filename="SharePrimaryCommand.h" />
		<Unit filename="ShareRectCommand.cpp" />
		<Unit filename="ShareRectCommand.h" />
		<Unit filename="ShareWindowCommand.cpp" />
		<Unit filename="ShareWindowCommand.h" />
		<Unit filename="ShutdownCommand.cpp" />
		<Unit filename="ShutdownCommand.h" />
		<Unit filename="SocketIPv4Transport.cpp" />
		<Unit filename="SocketIPv4Transport.h" />
		<Unit filename="TcpDispatcherConnectionDialog.cpp" />
		<Unit filename="TcpDispatcherConnectionDialog.h" />
		<Unit filename="Transport.cpp" />
		<Unit filename="Transport.h" />
		<Unit filename="TransportFactory.cpp" />
		<Unit filename="TransportFactory.h" />
		<Unit filename="TrayDialog.cpp" />
		<Unit filename="TrayDialog.h" />
		<Unit filename="TvnServerInfo.h" />
		<Unit filename="UpdateLocalConfigCommand.cpp" />
		<Unit filename="UpdateLocalConfigCommand.h" />
		<Unit filename="UpdateRemoteConfigCommand.cpp" />
		<Unit filename="UpdateRemoteConfigCommand.h" />
		<Extensions>
			<lib_finder disable_auto="1" />
		</Extensions>
	</Project>
</CodeBlocks_project_file>
