<?xml version="1.0" encoding="UTF-8" standalone="yes" ?>
<CodeBlocks_project_file>
	<FileVersion major="1" minor="6" />
	<Project>
		<Option title="libkvnc_client_core" />
		<Option pch_mode="2" />
		<Option compiler="gcc" />
		<Build>
			<Target title="Release_Win32">
				<Option output="$(WORKSPACEDIR)/out/bin/$(TARGET_NAME)/$(PROJECTNAME)" prefix_auto="0" extension_auto="1" />
				<Option working_dir="" />
				<Option object_output="$(WORKSPACEDIR)/out/obj/$(TARGET_NAME)/$(PROJECTNAME)" />
				<Option deps_output="../bin/Release_Win32/" />
				<Option type="2" />
				<Option compiler="gcc" />
				<Option createDefFile="1" />
				<Compiler>
					<Add option="-O2" />
					<Add option="-Wextra" />
					<Add option="-Wall" />
					<Add option="-std=c++11" />
					<Add option="-DWIN32" />
					<Add option="-DNDEBUG" />
					<Add option="-D_LIB" />
					<Add directory="$(WORKSPACEDIR)/!external/pjproject/lib_pj/include" />
					<Add directory="$(WORKSPACEDIR)/!external/pjproject/lib_pjutil/include" />
					<Add directory="$(WORKSPACEDIR)/!external/pjproject/lib_pjnath/include" />
					<Add directory="$(WORKSPACEDIR)/!external/openssl/include" />
				</Compiler>
				<Linker>
					<Add option="-s" />
					<Add option="-static" />
					<Add library="libkvnc_rfb" />
					<LinkerExe value="CppCompiler" />
				</Linker>
			</Target>
			<Target title="Debug_Win32">
				<Option output="$(WORKSPACEDIR)/out/bin/$(TARGET_NAME)/$(PROJECTNAME)" prefix_auto="0" extension_auto="1" />
				<Option working_dir="" />
				<Option object_output="$(WORKSPACEDIR)/out/obj/$(TARGET_NAME)/$(PROJECTNAME)" />
				<Option deps_output="../bin/Release_Win32/" />
				<Option type="2" />
				<Option compiler="gcc" />
				<Option createDefFile="1" />
				<Compiler>
					<Add option="-Wextra" />
					<Add option="-Wall" />
					<Add option="-std=c++11" />
					<Add option="-DWIN32" />
					<Add option="-DNDEBUG" />
					<Add option="-D_LIB" />
					<Add directory="$(WORKSPACEDIR)/!external/pjproject/lib_pj/include" />
					<Add directory="$(WORKSPACEDIR)/!external/pjproject/lib_pjutil/include" />
					<Add directory="$(WORKSPACEDIR)/!external/pjproject/lib_pjnath/include" />
					<Add directory="$(WORKSPACEDIR)/!external/openssl/include" />
				</Compiler>
				<Linker>
					<Add library="libkvnc_rfb" />
					<LinkerExe value="CppCompiler" />
				</Linker>
			</Target>
		</Build>
		<Unit filename="AuthHandler.cpp" />
		<Unit filename="AuthHandler.h" />
		<Unit filename="CapabilitiesManager.cpp" />
		<Unit filename="CapabilitiesManager.h" />
		<Unit filename="CapsContainer.cpp" />
		<Unit filename="CapsContainer.h" />
		<Unit filename="CompressionLevel.cpp" />
		<Unit filename="CompressionLevel.h" />
		<Unit filename="CopyRectDecoder.cpp" />
		<Unit filename="CopyRectDecoder.h" />
		<Unit filename="CoreEventsAdapter.cpp" />
		<Unit filename="CoreEventsAdapter.h" />
		<Unit filename="CursorPainter.cpp" />
		<Unit filename="CursorPainter.h" />
		<Unit filename="Decoder.cpp" />
		<Unit filename="Decoder.h" />
		<Unit filename="DecoderOfRectangle.cpp" />
		<Unit filename="DecoderOfRectangle.h" />
		<Unit filename="DecoderStore.cpp" />
		<Unit filename="DecoderStore.h" />
		<Unit filename="DesktopSizeDecoder.cpp" />
		<Unit filename="DesktopSizeDecoder.h" />
		<Unit filename="FbUpdateNotifier.cpp" />
		<Unit filename="FbUpdateNotifier.h" />
		<Unit filename="FileTransferCapability.cpp" />
		<Unit filename="FileTransferCapability.h" />
		<Unit filename="HexTileDecoder.cpp" />
		<Unit filename="HexTileDecoder.h" />
		<Unit filename="JpegDecompressor.cpp" />
		<Unit filename="JpegDecompressor.h" />
		<Unit filename="JpegQualityLevel.cpp" />
		<Unit filename="JpegQualityLevel.h" />
		<Unit filename="LastRectDecoder.cpp" />
		<Unit filename="LastRectDecoder.h" />
		<Unit filename="PointerPosDecoder.cpp" />
		<Unit filename="PointerPosDecoder.h" />
		<Unit filename="PseudoDecoder.cpp" />
		<Unit filename="PseudoDecoder.h" />
		<Unit filename="RawDecoder.cpp" />
		<Unit filename="RawDecoder.h" />
		<Unit filename="RemoteViewerCore.cpp" />
		<Unit filename="RemoteViewerCore.h" />
		<Unit filename="RfbClientToServerMessage.cpp" />
		<Unit filename="RfbClientToServerMessage.h" />
		<Unit filename="RfbCutTextEventClientMessage.cpp" />
		<Unit filename="RfbCutTextEventClientMessage.h" />
		<Unit filename="RfbFramebufferUpdateRequestClientMessage.cpp" />
		<Unit filename="RfbFramebufferUpdateRequestClientMessage.h" />
		<Unit filename="RfbKeyEventClientMessage.cpp" />
		<Unit filename="RfbKeyEventClientMessage.h" />
		<Unit filename="RfbPointerEventClientMessage.cpp" />
		<Unit filename="RfbPointerEventClientMessage.h" />
		<Unit filename="RfbSetEncodingsClientMessage.cpp" />
		<Unit filename="RfbSetEncodingsClientMessage.h" />
		<Unit filename="RfbSetPixelFormatClientMessage.cpp" />
		<Unit filename="RfbSetPixelFormatClientMessage.h" />
		<Unit filename="RichCursorDecoder.cpp" />
		<Unit filename="RichCursorDecoder.h" />
		<Unit filename="RreDecoder.cpp" />
		<Unit filename="RreDecoder.h" />
		<Unit filename="SdpCapability.cpp" />
		<Unit filename="SdpCapability.h" />
		<Unit filename="TcpConnection.cpp" />
		<Unit filename="TcpConnection.h" />
		<Unit filename="TextCapability.cpp" />
		<Unit filename="TextCapability.h" />
		<Unit filename="TightDecoder.cpp" />
		<Unit filename="TightDecoder.h" />
		<Unit filename="VncAuthentication.cpp" />
		<Unit filename="VncAuthentication.h" />
		<Unit filename="VncAuthenticationHandler.cpp" />
		<Unit filename="VncAuthenticationHandler.h" />
		<Unit filename="ZrleDecoder.cpp" />
		<Unit filename="ZrleDecoder.h" />
		<Extensions>
			<lib_finder disable_auto="1" />
		</Extensions>
	</Project>
</CodeBlocks_project_file>
